<?xml version="1.0" encoding="UTF-8"?>
<!DOCTYPE plist PUBLIC "-//Apple//DTD PLIST 1.0//EN" "http://www.apple.com/DTDs/PropertyList-1.0.dtd">
<plist version="1.0">
<dict>
	<key>archiveVersion</key>
	<string>1</string>
	<key>classes</key>
	<dict/>
	<key>objectVersion</key>
	<string>46</string>
	<key>objects</key>
	<dict>
		<key>1EA95691099725F42E7141A0</key>
		<dict>
			<key>children</key>
			<array>
				<string>BD0DB8FA84E90C162B13CDDD</string>
			</array>
			<key>isa</key>
			<string>PBXGroup</string>
			<key>name</key>
			<string>Frameworks</string>
			<key>sourceTree</key>
			<string>&lt;group&gt;</string>
		</dict>
		<key>31B0570C7DAB665AF4E75F67</key>
		<dict>
			<key>buildActionMask</key>
			<string>2147483647</string>
			<key>files</key>
			<array/>
			<key>inputPaths</key>
			<array/>
			<key>isa</key>
			<string>PBXShellScriptBuildPhase</string>
			<key>name</key>
			<string>Copy Pods Resources</string>
			<key>outputPaths</key>
			<array/>
			<key>runOnlyForDeploymentPostprocessing</key>
			<string>0</string>
			<key>shellPath</key>
			<string>/bin/sh</string>
			<key>shellScript</key>
			<string>"${SRCROOT}/Pods/Target Support Files/Pods/Pods-resources.sh"
</string>
			<key>showEnvVarsInLog</key>
			<string>0</string>
		</dict>
		<key>4C9926EB7C7E8C24E938E87F</key>
		<dict>
			<key>buildActionMask</key>
			<string>2147483647</string>
			<key>files</key>
			<array/>
			<key>inputPaths</key>
			<array/>
			<key>isa</key>
			<string>PBXShellScriptBuildPhase</string>
			<key>name</key>
			<string>Check Pods Manifest.lock</string>
			<key>outputPaths</key>
			<array/>
			<key>runOnlyForDeploymentPostprocessing</key>
			<string>0</string>
			<key>shellPath</key>
			<string>/bin/sh</string>
			<key>shellScript</key>
			<string>diff "${PODS_ROOT}/../Podfile.lock" "${PODS_ROOT}/Manifest.lock" &gt; /dev/null
if [[ $? != 0 ]] ; then
    cat &lt;&lt; EOM
error: The sandbox is not in sync with the Podfile.lock. Run 'pod install' or update your CocoaPods installation.
EOM
    exit 1
fi
</string>
			<key>showEnvVarsInLog</key>
			<string>0</string>
		</dict>
		<key>6DFF7A9F11A4106BC4DC806D</key>
		<dict>
			<key>fileRef</key>
			<string>BD0DB8FA84E90C162B13CDDD</string>
			<key>isa</key>
			<string>PBXBuildFile</string>
		</dict>
		<key>70E9AA9E35C465F25AEF7E5E</key>
		<dict>
			<key>buildActionMask</key>
			<string>2147483647</string>
			<key>files</key>
			<array/>
			<key>inputPaths</key>
			<array/>
			<key>isa</key>
			<string>PBXShellScriptBuildPhase</string>
			<key>name</key>
			<string>Embed Pods Frameworks</string>
			<key>outputPaths</key>
			<array/>
			<key>runOnlyForDeploymentPostprocessing</key>
			<string>0</string>
			<key>shellPath</key>
			<string>/bin/sh</string>
			<key>shellScript</key>
			<string>"${SRCROOT}/Pods/Target Support Files/Pods/Pods-frameworks.sh"
</string>
			<key>showEnvVarsInLog</key>
			<string>0</string>
		</dict>
		<key>A0A535C53152D3CE6BAE049E</key>
		<dict>
			<key>includeInIndex</key>
			<string>1</string>
			<key>isa</key>
			<string>PBXFileReference</string>
			<key>lastKnownFileType</key>
			<string>text.xcconfig</string>
			<key>name</key>
			<string>Pods.release.xcconfig</string>
			<key>path</key>
			<string>Pods/Target Support Files/Pods/Pods.release.xcconfig</string>
			<key>sourceTree</key>
			<string>&lt;group&gt;</string>
		</dict>
		<key>ACF444C2B18A9ADBFB06F549</key>
		<dict>
			<key>children</key>
			<array>
				<string>AF872D10D5771EE55D34D01A</string>
				<string>A0A535C53152D3CE6BAE049E</string>
			</array>
			<key>isa</key>
			<string>PBXGroup</string>
			<key>name</key>
			<string>Pods</string>
			<key>sourceTree</key>
			<string>&lt;group&gt;</string>
		</dict>
		<key>AF872D10D5771EE55D34D01A</key>
		<dict>
			<key>includeInIndex</key>
			<string>1</string>
			<key>isa</key>
			<string>PBXFileReference</string>
			<key>lastKnownFileType</key>
			<string>text.xcconfig</string>
			<key>name</key>
			<string>Pods.debug.xcconfig</string>
			<key>path</key>
			<string>Pods/Target Support Files/Pods/Pods.debug.xcconfig</string>
			<key>sourceTree</key>
			<string>&lt;group&gt;</string>
		</dict>
		<key>B84DC0C81D5B5BED002BC517</key>
		<dict>
			<key>children</key>
			<array>
				<string>B84DC0D31D5B5BED002BC517</string>
				<string>B84DC0EB1D5B5BED002BC517</string>
				<string>B84DC0F61D5B5BED002BC517</string>
				<string>B84DC0D21D5B5BED002BC517</string>
				<string>ACF444C2B18A9ADBFB06F549</string>
				<string>1EA95691099725F42E7141A0</string>
			</array>
			<key>isa</key>
			<string>PBXGroup</string>
			<key>sourceTree</key>
			<string>&lt;group&gt;</string>
		</dict>
		<key>B84DC0C91D5B5BED002BC517</key>
		<dict>
			<key>attributes</key>
			<dict>
				<key>LastSwiftUpdateCheck</key>
				<string>0730</string>
				<key>LastUpgradeCheck</key>
				<string>0730</string>
				<key>ORGANIZATIONNAME</key>
				<string>yf</string>
				<key>TargetAttributes</key>
				<dict>
					<key>B84DC0D01D5B5BED002BC517</key>
					<dict>
						<key>CreatedOnToolsVersion</key>
						<string>7.3</string>
					</dict>
					<key>B84DC0E71D5B5BED002BC517</key>
					<dict>
						<key>CreatedOnToolsVersion</key>
						<string>7.3</string>
						<key>TestTargetID</key>
						<string>B84DC0D01D5B5BED002BC517</string>
					</dict>
					<key>B84DC0F21D5B5BED002BC517</key>
					<dict>
						<key>CreatedOnToolsVersion</key>
						<string>7.3</string>
						<key>TestTargetID</key>
						<string>B84DC0D01D5B5BED002BC517</string>
					</dict>
				</dict>
			</dict>
			<key>buildConfigurationList</key>
			<string>B84DC0CC1D5B5BED002BC517</string>
			<key>compatibilityVersion</key>
			<string>Xcode 3.2</string>
			<key>developmentRegion</key>
			<string>English</string>
			<key>hasScannedForEncodings</key>
			<string>0</string>
			<key>isa</key>
			<string>PBXProject</string>
			<key>knownRegions</key>
			<array>
				<string>en</string>
				<string>Base</string>
			</array>
			<key>mainGroup</key>
			<string>B84DC0C81D5B5BED002BC517</string>
			<key>productRefGroup</key>
			<string>B84DC0D21D5B5BED002BC517</string>
			<key>projectDirPath</key>
			<string></string>
			<key>projectReferences</key>
			<array/>
			<key>projectRoot</key>
			<string></string>
			<key>targets</key>
			<array>
				<string>B84DC0D01D5B5BED002BC517</string>
				<string>B84DC0E71D5B5BED002BC517</string>
				<string>B84DC0F21D5B5BED002BC517</string>
			</array>
		</dict>
		<key>B84DC0CC1D5B5BED002BC517</key>
		<dict>
			<key>buildConfigurations</key>
			<array>
				<string>B84DC0FA1D5B5BED002BC517</string>
				<string>B84DC0FB1D5B5BED002BC517</string>
			</array>
			<key>defaultConfigurationIsVisible</key>
			<string>0</string>
			<key>defaultConfigurationName</key>
			<string>Release</string>
			<key>isa</key>
			<string>XCConfigurationList</string>
		</dict>
		<key>B84DC0CD1D5B5BED002BC517</key>
		<dict>
			<key>buildActionMask</key>
			<string>2147483647</string>
			<key>files</key>
			<array>
				<string>B8BCF0991D670FAD00BF46A4</string>
				<string>B8BCF0981D670FAD00BF46A4</string>
				<string>B84DC10B1D5B5F95002BC517</string>
				<string>B8BCF08E1D670FAD00BF46A4</string>
				<string>B8AAFDBA1D6837FF009DA4FB</string>
				<string>B8BCF09A1D670FAD00BF46A4</string>
				<string>B8BCF08A1D670FAD00BF46A4</string>
				<string>B8BCF0941D670FAD00BF46A4</string>
				<string>B8BCF0911D670FAD00BF46A4</string>
				<string>B8BCF0961D670FAD00BF46A4</string>
				<string>B84DC1091D5B5F68002BC517</string>
				<string>B84DC0D71D5B5BED002BC517</string>
				<string>B8BCF08F1D670FAD00BF46A4</string>
				<string>B8BCF08B1D670FAD00BF46A4</string>
				<string>B8BCF05A1D66E09E00BF46A4</string>
				<string>B8DAB5BC1D660E1900235006</string>
				<string>B8BCF09B1D670FAD00BF46A4</string>
				<string>B84DC0DD1D5B5BED002BC517</string>
				<string>B8F10D8B1D64599B003FA712</string>
				<string>B8BCF0931D670FAD00BF46A4</string>
				<string>B8F10D8E1D64655E003FA712</string>
				<string>B84DC0D51D5B5BED002BC517</string>
				<string>B8BCF08D1D670FAD00BF46A4</string>
				<string>B8BCF0921D670FAD00BF46A4</string>
				<string>B8BCF0951D670FAD00BF46A4</string>
				<string>B89F2AB11D62EC6600CD618D</string>
				<string>B8BCF0901D670FAD00BF46A4</string>
				<string>B8BCF0891D670FAD00BF46A4</string>
				<string>B84DC1071D5B5F40002BC517</string>
				<string>B8BCF08C1D670FAD00BF46A4</string>
			</array>
			<key>isa</key>
			<string>PBXSourcesBuildPhase</string>
			<key>runOnlyForDeploymentPostprocessing</key>
			<string>0</string>
		</dict>
		<key>B84DC0CE1D5B5BED002BC517</key>
		<dict>
			<key>buildActionMask</key>
			<string>2147483647</string>
			<key>files</key>
			<array>
				<string>6DFF7A9F11A4106BC4DC806D</string>
			</array>
			<key>isa</key>
			<string>PBXFrameworksBuildPhase</string>
			<key>runOnlyForDeploymentPostprocessing</key>
			<string>0</string>
		</dict>
		<key>B84DC0CF1D5B5BED002BC517</key>
		<dict>
			<key>buildActionMask</key>
			<string>2147483647</string>
			<key>files</key>
			<array>
				<string>B8F10D8C1D64599B003FA712</string>
				<string>B89F2AB21D62EC6600CD618D</string>
				<string>B8BCF0971D670FAD00BF46A4</string>
				<string>B89B14E81D699AE90021C973</string>
				<string>B8BCF0551D66D2BD00BF46A4</string>
				<string>B84DC0E21D5B5BED002BC517</string>
				<string>B84DC0DF1D5B5BED002BC517</string>
				<string>B8AAFDBB1D6837FF009DA4FB</string>
				<string>B8AAFDBD1D688A79009DA4FB</string>
				<string>B84DC0DA1D5B5BED002BC517</string>
			</array>
			<key>isa</key>
			<string>PBXResourcesBuildPhase</string>
			<key>runOnlyForDeploymentPostprocessing</key>
			<string>0</string>
		</dict>
		<key>B84DC0D01D5B5BED002BC517</key>
		<dict>
			<key>buildConfigurationList</key>
			<string>B84DC0FC1D5B5BED002BC517</string>
			<key>buildPhases</key>
			<array>
				<string>4C9926EB7C7E8C24E938E87F</string>
				<string>B84DC0CD1D5B5BED002BC517</string>
				<string>B84DC0CE1D5B5BED002BC517</string>
				<string>B84DC0CF1D5B5BED002BC517</string>
				<string>70E9AA9E35C465F25AEF7E5E</string>
				<string>31B0570C7DAB665AF4E75F67</string>
			</array>
			<key>buildRules</key>
			<array/>
			<key>dependencies</key>
			<array/>
			<key>isa</key>
			<string>PBXNativeTarget</string>
			<key>name</key>
			<string>JFWeather</string>
			<key>productName</key>
			<string>JFWeather</string>
			<key>productReference</key>
			<string>B84DC0D11D5B5BED002BC517</string>
			<key>productType</key>
			<string>com.apple.product-type.application</string>
		</dict>
		<key>B84DC0D11D5B5BED002BC517</key>
		<dict>
			<key>explicitFileType</key>
			<string>wrapper.application</string>
			<key>includeInIndex</key>
			<string>0</string>
			<key>isa</key>
			<string>PBXFileReference</string>
			<key>path</key>
			<string>JFWeather.app</string>
			<key>sourceTree</key>
			<string>BUILT_PRODUCTS_DIR</string>
		</dict>
		<key>B84DC0D21D5B5BED002BC517</key>
		<dict>
			<key>children</key>
			<array>
				<string>B84DC0D11D5B5BED002BC517</string>
				<string>B84DC0E81D5B5BED002BC517</string>
				<string>B84DC0F31D5B5BED002BC517</string>
			</array>
			<key>isa</key>
			<string>PBXGroup</string>
			<key>name</key>
			<string>Products</string>
			<key>sourceTree</key>
			<string>&lt;group&gt;</string>
		</dict>
		<key>B84DC0D31D5B5BED002BC517</key>
		<dict>
			<key>children</key>
			<array>
				<string>B8BCF05B1D670FAD00BF46A4</string>
				<string>B8BCF0561D66E03000BF46A4</string>
				<string>B8DAB5BA1D660DEF00235006</string>
				<string>B89F2AAE1D62EC1C00CD618D</string>
				<string>B84DC1051D5B5F0A002BC517</string>
				<string>B84DC0D41D5B5BED002BC517</string>
				<string>B84DC0D61D5B5BED002BC517</string>
				<string>B84DC0D81D5B5BED002BC517</string>
				<string>B84DC0DE1D5B5BED002BC517</string>
				<string>B84DC0E01D5B5BED002BC517</string>
				<string>B84DC0E31D5B5BED002BC517</string>
				<string>B84DC0DB1D5B5BED002BC517</string>
				<string>B8F10D8D1D64655E003FA712</string>
				<string>B8BCF09C1D67147A00BF46A4</string>
			</array>
			<key>isa</key>
			<string>PBXGroup</string>
			<key>path</key>
			<string>JFWeather</string>
			<key>sourceTree</key>
			<string>&lt;group&gt;</string>
		</dict>
		<key>B84DC0D41D5B5BED002BC517</key>
		<dict>
			<key>isa</key>
			<string>PBXFileReference</string>
			<key>lastKnownFileType</key>
			<string>sourcecode.swift</string>
			<key>path</key>
			<string>AppDelegate.swift</string>
			<key>sourceTree</key>
			<string>&lt;group&gt;</string>
		</dict>
		<key>B84DC0D51D5B5BED002BC517</key>
		<dict>
			<key>fileRef</key>
			<string>B84DC0D41D5B5BED002BC517</string>
			<key>isa</key>
			<string>PBXBuildFile</string>
		</dict>
		<key>B84DC0D61D5B5BED002BC517</key>
		<dict>
			<key>isa</key>
			<string>PBXFileReference</string>
			<key>lastKnownFileType</key>
			<string>sourcecode.swift</string>
			<key>path</key>
			<string>ViewController.swift</string>
			<key>sourceTree</key>
			<string>&lt;group&gt;</string>
		</dict>
		<key>B84DC0D71D5B5BED002BC517</key>
		<dict>
			<key>fileRef</key>
			<string>B84DC0D61D5B5BED002BC517</string>
			<key>isa</key>
			<string>PBXBuildFile</string>
		</dict>
		<key>B84DC0D81D5B5BED002BC517</key>
		<dict>
			<key>children</key>
			<array>
				<string>B84DC0D91D5B5BED002BC517</string>
			</array>
			<key>isa</key>
			<string>PBXVariantGroup</string>
			<key>name</key>
			<string>Main.storyboard</string>
			<key>sourceTree</key>
			<string>&lt;group&gt;</string>
		</dict>
		<key>B84DC0D91D5B5BED002BC517</key>
		<dict>
			<key>isa</key>
			<string>PBXFileReference</string>
			<key>lastKnownFileType</key>
			<string>file.storyboard</string>
			<key>name</key>
			<string>Base</string>
			<key>path</key>
			<string>Base.lproj/Main.storyboard</string>
			<key>sourceTree</key>
			<string>&lt;group&gt;</string>
		</dict>
		<key>B84DC0DA1D5B5BED002BC517</key>
		<dict>
			<key>fileRef</key>
			<string>B84DC0D81D5B5BED002BC517</string>
			<key>isa</key>
			<string>PBXBuildFile</string>
		</dict>
		<key>B84DC0DB1D5B5BED002BC517</key>
		<dict>
			<key>children</key>
			<array>
				<string>B84DC0DC1D5B5BED002BC517</string>
			</array>
			<key>currentVersion</key>
			<string>B84DC0DC1D5B5BED002BC517</string>
			<key>isa</key>
			<string>XCVersionGroup</string>
			<key>path</key>
			<string>JFWeather.xcdatamodeld</string>
			<key>sourceTree</key>
			<string>&lt;group&gt;</string>
			<key>versionGroupType</key>
			<string>wrapper.xcdatamodel</string>
		</dict>
		<key>B84DC0DC1D5B5BED002BC517</key>
		<dict>
			<key>isa</key>
			<string>PBXFileReference</string>
			<key>lastKnownFileType</key>
			<string>wrapper.xcdatamodel</string>
			<key>path</key>
			<string>JFWeather.xcdatamodel</string>
			<key>sourceTree</key>
			<string>&lt;group&gt;</string>
		</dict>
		<key>B84DC0DD1D5B5BED002BC517</key>
		<dict>
			<key>fileRef</key>
			<string>B84DC0DB1D5B5BED002BC517</string>
			<key>isa</key>
			<string>PBXBuildFile</string>
		</dict>
		<key>B84DC0DE1D5B5BED002BC517</key>
		<dict>
			<key>isa</key>
			<string>PBXFileReference</string>
			<key>lastKnownFileType</key>
			<string>folder.assetcatalog</string>
			<key>path</key>
			<string>Assets.xcassets</string>
			<key>sourceTree</key>
			<string>&lt;group&gt;</string>
		</dict>
		<key>B84DC0DF1D5B5BED002BC517</key>
		<dict>
			<key>fileRef</key>
			<string>B84DC0DE1D5B5BED002BC517</string>
			<key>isa</key>
			<string>PBXBuildFile</string>
		</dict>
		<key>B84DC0E01D5B5BED002BC517</key>
		<dict>
			<key>children</key>
			<array>
				<string>B84DC0E11D5B5BED002BC517</string>
			</array>
			<key>isa</key>
			<string>PBXVariantGroup</string>
			<key>name</key>
			<string>LaunchScreen.storyboard</string>
			<key>sourceTree</key>
			<string>&lt;group&gt;</string>
		</dict>
		<key>B84DC0E11D5B5BED002BC517</key>
		<dict>
			<key>isa</key>
			<string>PBXFileReference</string>
			<key>lastKnownFileType</key>
			<string>file.storyboard</string>
			<key>name</key>
			<string>Base</string>
			<key>path</key>
			<string>Base.lproj/LaunchScreen.storyboard</string>
			<key>sourceTree</key>
			<string>&lt;group&gt;</string>
		</dict>
		<key>B84DC0E21D5B5BED002BC517</key>
		<dict>
			<key>fileRef</key>
			<string>B84DC0E01D5B5BED002BC517</string>
			<key>isa</key>
			<string>PBXBuildFile</string>
		</dict>
		<key>B84DC0E31D5B5BED002BC517</key>
		<dict>
			<key>isa</key>
			<string>PBXFileReference</string>
			<key>lastKnownFileType</key>
			<string>text.plist.xml</string>
			<key>path</key>
			<string>Info.plist</string>
			<key>sourceTree</key>
			<string>&lt;group&gt;</string>
		</dict>
		<key>B84DC0E41D5B5BED002BC517</key>
		<dict>
			<key>buildActionMask</key>
			<string>2147483647</string>
			<key>files</key>
			<array>
				<string>B84DC0ED1D5B5BED002BC517</string>
			</array>
			<key>isa</key>
			<string>PBXSourcesBuildPhase</string>
			<key>runOnlyForDeploymentPostprocessing</key>
			<string>0</string>
		</dict>
		<key>B84DC0E51D5B5BED002BC517</key>
		<dict>
			<key>buildActionMask</key>
			<string>2147483647</string>
			<key>files</key>
			<array/>
			<key>isa</key>
			<string>PBXFrameworksBuildPhase</string>
			<key>runOnlyForDeploymentPostprocessing</key>
			<string>0</string>
		</dict>
		<key>B84DC0E61D5B5BED002BC517</key>
		<dict>
			<key>buildActionMask</key>
			<string>2147483647</string>
			<key>files</key>
			<array/>
			<key>isa</key>
			<string>PBXResourcesBuildPhase</string>
			<key>runOnlyForDeploymentPostprocessing</key>
			<string>0</string>
		</dict>
		<key>B84DC0E71D5B5BED002BC517</key>
		<dict>
			<key>buildConfigurationList</key>
			<string>B84DC0FF1D5B5BED002BC517</string>
			<key>buildPhases</key>
			<array>
				<string>B84DC0E41D5B5BED002BC517</string>
				<string>B84DC0E51D5B5BED002BC517</string>
				<string>B84DC0E61D5B5BED002BC517</string>
			</array>
			<key>buildRules</key>
			<array/>
			<key>dependencies</key>
			<array>
				<string>B84DC0EA1D5B5BED002BC517</string>
			</array>
			<key>isa</key>
			<string>PBXNativeTarget</string>
			<key>name</key>
			<string>JFWeatherTests</string>
			<key>productName</key>
			<string>JFWeatherTests</string>
			<key>productReference</key>
			<string>B84DC0E81D5B5BED002BC517</string>
			<key>productType</key>
			<string>com.apple.product-type.bundle.unit-test</string>
		</dict>
		<key>B84DC0E81D5B5BED002BC517</key>
		<dict>
			<key>explicitFileType</key>
			<string>wrapper.cfbundle</string>
			<key>includeInIndex</key>
			<string>0</string>
			<key>isa</key>
			<string>PBXFileReference</string>
			<key>path</key>
			<string>JFWeatherTests.xctest</string>
			<key>sourceTree</key>
			<string>BUILT_PRODUCTS_DIR</string>
		</dict>
		<key>B84DC0E91D5B5BED002BC517</key>
		<dict>
			<key>containerPortal</key>
			<string>B84DC0C91D5B5BED002BC517</string>
			<key>isa</key>
			<string>PBXContainerItemProxy</string>
			<key>proxyType</key>
			<string>1</string>
			<key>remoteGlobalIDString</key>
			<string>B84DC0D01D5B5BED002BC517</string>
			<key>remoteInfo</key>
			<string>JFWeather</string>
		</dict>
		<key>B84DC0EA1D5B5BED002BC517</key>
		<dict>
			<key>isa</key>
			<string>PBXTargetDependency</string>
			<key>target</key>
			<string>B84DC0D01D5B5BED002BC517</string>
			<key>targetProxy</key>
			<string>B84DC0E91D5B5BED002BC517</string>
		</dict>
		<key>B84DC0EB1D5B5BED002BC517</key>
		<dict>
			<key>children</key>
			<array>
				<string>B84DC0EC1D5B5BED002BC517</string>
				<string>B84DC0EE1D5B5BED002BC517</string>
			</array>
			<key>isa</key>
			<string>PBXGroup</string>
			<key>path</key>
			<string>JFWeatherTests</string>
			<key>sourceTree</key>
			<string>&lt;group&gt;</string>
		</dict>
		<key>B84DC0EC1D5B5BED002BC517</key>
		<dict>
			<key>isa</key>
			<string>PBXFileReference</string>
			<key>lastKnownFileType</key>
			<string>sourcecode.swift</string>
			<key>path</key>
			<string>JFWeatherTests.swift</string>
			<key>sourceTree</key>
			<string>&lt;group&gt;</string>
		</dict>
		<key>B84DC0ED1D5B5BED002BC517</key>
		<dict>
			<key>fileRef</key>
			<string>B84DC0EC1D5B5BED002BC517</string>
			<key>isa</key>
			<string>PBXBuildFile</string>
		</dict>
		<key>B84DC0EE1D5B5BED002BC517</key>
		<dict>
			<key>isa</key>
			<string>PBXFileReference</string>
			<key>lastKnownFileType</key>
			<string>text.plist.xml</string>
			<key>path</key>
			<string>Info.plist</string>
			<key>sourceTree</key>
			<string>&lt;group&gt;</string>
		</dict>
		<key>B84DC0EF1D5B5BED002BC517</key>
		<dict>
			<key>buildActionMask</key>
			<string>2147483647</string>
			<key>files</key>
			<array>
				<string>B84DC0F81D5B5BED002BC517</string>
			</array>
			<key>isa</key>
			<string>PBXSourcesBuildPhase</string>
			<key>runOnlyForDeploymentPostprocessing</key>
			<string>0</string>
		</dict>
		<key>B84DC0F01D5B5BED002BC517</key>
		<dict>
			<key>buildActionMask</key>
			<string>2147483647</string>
			<key>files</key>
			<array/>
			<key>isa</key>
			<string>PBXFrameworksBuildPhase</string>
			<key>runOnlyForDeploymentPostprocessing</key>
			<string>0</string>
		</dict>
		<key>B84DC0F11D5B5BED002BC517</key>
		<dict>
			<key>buildActionMask</key>
			<string>2147483647</string>
			<key>files</key>
			<array/>
			<key>isa</key>
			<string>PBXResourcesBuildPhase</string>
			<key>runOnlyForDeploymentPostprocessing</key>
			<string>0</string>
		</dict>
		<key>B84DC0F21D5B5BED002BC517</key>
		<dict>
			<key>buildConfigurationList</key>
			<string>B84DC1021D5B5BED002BC517</string>
			<key>buildPhases</key>
			<array>
				<string>B84DC0EF1D5B5BED002BC517</string>
				<string>B84DC0F01D5B5BED002BC517</string>
				<string>B84DC0F11D5B5BED002BC517</string>
			</array>
			<key>buildRules</key>
			<array/>
			<key>dependencies</key>
			<array>
				<string>B84DC0F51D5B5BED002BC517</string>
			</array>
			<key>isa</key>
			<string>PBXNativeTarget</string>
			<key>name</key>
			<string>JFWeatherUITests</string>
			<key>productName</key>
			<string>JFWeatherUITests</string>
			<key>productReference</key>
			<string>B84DC0F31D5B5BED002BC517</string>
			<key>productType</key>
			<string>com.apple.product-type.bundle.ui-testing</string>
		</dict>
		<key>B84DC0F31D5B5BED002BC517</key>
		<dict>
			<key>explicitFileType</key>
			<string>wrapper.cfbundle</string>
			<key>includeInIndex</key>
			<string>0</string>
			<key>isa</key>
			<string>PBXFileReference</string>
			<key>path</key>
			<string>JFWeatherUITests.xctest</string>
			<key>sourceTree</key>
			<string>BUILT_PRODUCTS_DIR</string>
		</dict>
		<key>B84DC0F41D5B5BED002BC517</key>
		<dict>
			<key>containerPortal</key>
			<string>B84DC0C91D5B5BED002BC517</string>
			<key>isa</key>
			<string>PBXContainerItemProxy</string>
			<key>proxyType</key>
			<string>1</string>
			<key>remoteGlobalIDString</key>
			<string>B84DC0D01D5B5BED002BC517</string>
			<key>remoteInfo</key>
			<string>JFWeather</string>
		</dict>
		<key>B84DC0F51D5B5BED002BC517</key>
		<dict>
			<key>isa</key>
			<string>PBXTargetDependency</string>
			<key>target</key>
			<string>B84DC0D01D5B5BED002BC517</string>
			<key>targetProxy</key>
			<string>B84DC0F41D5B5BED002BC517</string>
		</dict>
		<key>B84DC0F61D5B5BED002BC517</key>
		<dict>
			<key>children</key>
			<array>
				<string>B84DC0F71D5B5BED002BC517</string>
				<string>B84DC0F91D5B5BED002BC517</string>
			</array>
			<key>isa</key>
			<string>PBXGroup</string>
			<key>path</key>
			<string>JFWeatherUITests</string>
			<key>sourceTree</key>
			<string>&lt;group&gt;</string>
		</dict>
		<key>B84DC0F71D5B5BED002BC517</key>
		<dict>
			<key>isa</key>
			<string>PBXFileReference</string>
			<key>lastKnownFileType</key>
			<string>sourcecode.swift</string>
			<key>path</key>
			<string>JFWeatherUITests.swift</string>
			<key>sourceTree</key>
			<string>&lt;group&gt;</string>
		</dict>
		<key>B84DC0F81D5B5BED002BC517</key>
		<dict>
			<key>fileRef</key>
			<string>B84DC0F71D5B5BED002BC517</string>
			<key>isa</key>
			<string>PBXBuildFile</string>
		</dict>
		<key>B84DC0F91D5B5BED002BC517</key>
		<dict>
			<key>isa</key>
			<string>PBXFileReference</string>
			<key>lastKnownFileType</key>
			<string>text.plist.xml</string>
			<key>path</key>
			<string>Info.plist</string>
			<key>sourceTree</key>
			<string>&lt;group&gt;</string>
		</dict>
		<key>B84DC0FA1D5B5BED002BC517</key>
		<dict>
			<key>buildSettings</key>
			<dict>
				<key>ALWAYS_SEARCH_USER_PATHS</key>
				<string>NO</string>
				<key>CLANG_ANALYZER_NONNULL</key>
				<string>YES</string>
				<key>CLANG_CXX_LANGUAGE_STANDARD</key>
				<string>gnu++0x</string>
				<key>CLANG_CXX_LIBRARY</key>
				<string>libc++</string>
				<key>CLANG_ENABLE_MODULES</key>
				<string>YES</string>
				<key>CLANG_ENABLE_OBJC_ARC</key>
				<string>YES</string>
				<key>CLANG_WARN_BOOL_CONVERSION</key>
				<string>YES</string>
				<key>CLANG_WARN_CONSTANT_CONVERSION</key>
				<string>YES</string>
				<key>CLANG_WARN_DIRECT_OBJC_ISA_USAGE</key>
				<string>YES_ERROR</string>
				<key>CLANG_WARN_EMPTY_BODY</key>
				<string>YES</string>
				<key>CLANG_WARN_ENUM_CONVERSION</key>
				<string>YES</string>
				<key>CLANG_WARN_INT_CONVERSION</key>
				<string>YES</string>
				<key>CLANG_WARN_OBJC_ROOT_CLASS</key>
				<string>YES_ERROR</string>
				<key>CLANG_WARN_UNREACHABLE_CODE</key>
				<string>YES</string>
				<key>CLANG_WARN__DUPLICATE_METHOD_MATCH</key>
				<string>YES</string>
				<key>CODE_SIGN_IDENTITY[sdk=iphoneos*]</key>
				<string>iPhone Developer</string>
				<key>COPY_PHASE_STRIP</key>
				<string>NO</string>
				<key>DEBUG_INFORMATION_FORMAT</key>
				<string>dwarf</string>
				<key>ENABLE_STRICT_OBJC_MSGSEND</key>
				<string>YES</string>
				<key>ENABLE_TESTABILITY</key>
				<string>YES</string>
				<key>GCC_C_LANGUAGE_STANDARD</key>
				<string>gnu99</string>
				<key>GCC_DYNAMIC_NO_PIC</key>
				<string>NO</string>
				<key>GCC_NO_COMMON_BLOCKS</key>
				<string>YES</string>
				<key>GCC_OPTIMIZATION_LEVEL</key>
				<string>0</string>
				<key>GCC_PREPROCESSOR_DEFINITIONS</key>
				<array>
					<string>DEBUG=1</string>
					<string>$(inherited)</string>
				</array>
				<key>GCC_WARN_64_TO_32_BIT_CONVERSION</key>
				<string>YES</string>
				<key>GCC_WARN_ABOUT_RETURN_TYPE</key>
				<string>YES_ERROR</string>
				<key>GCC_WARN_UNDECLARED_SELECTOR</key>
				<string>YES</string>
				<key>GCC_WARN_UNINITIALIZED_AUTOS</key>
				<string>YES_AGGRESSIVE</string>
				<key>GCC_WARN_UNUSED_FUNCTION</key>
				<string>YES</string>
				<key>GCC_WARN_UNUSED_VARIABLE</key>
				<string>YES</string>
				<key>IPHONEOS_DEPLOYMENT_TARGET</key>
				<string>9.3</string>
				<key>MTL_ENABLE_DEBUG_INFO</key>
				<string>YES</string>
				<key>ONLY_ACTIVE_ARCH</key>
				<string>YES</string>
				<key>SDKROOT</key>
				<string>iphoneos</string>
				<key>SWIFT_OPTIMIZATION_LEVEL</key>
				<string>-Onone</string>
			</dict>
			<key>isa</key>
			<string>XCBuildConfiguration</string>
			<key>name</key>
			<string>Debug</string>
		</dict>
		<key>B84DC0FB1D5B5BED002BC517</key>
		<dict>
			<key>buildSettings</key>
			<dict>
				<key>ALWAYS_SEARCH_USER_PATHS</key>
				<string>NO</string>
				<key>CLANG_ANALYZER_NONNULL</key>
				<string>YES</string>
				<key>CLANG_CXX_LANGUAGE_STANDARD</key>
				<string>gnu++0x</string>
				<key>CLANG_CXX_LIBRARY</key>
				<string>libc++</string>
				<key>CLANG_ENABLE_MODULES</key>
				<string>YES</string>
				<key>CLANG_ENABLE_OBJC_ARC</key>
				<string>YES</string>
				<key>CLANG_WARN_BOOL_CONVERSION</key>
				<string>YES</string>
				<key>CLANG_WARN_CONSTANT_CONVERSION</key>
				<string>YES</string>
				<key>CLANG_WARN_DIRECT_OBJC_ISA_USAGE</key>
				<string>YES_ERROR</string>
				<key>CLANG_WARN_EMPTY_BODY</key>
				<string>YES</string>
				<key>CLANG_WARN_ENUM_CONVERSION</key>
				<string>YES</string>
				<key>CLANG_WARN_INT_CONVERSION</key>
				<string>YES</string>
				<key>CLANG_WARN_OBJC_ROOT_CLASS</key>
				<string>YES_ERROR</string>
				<key>CLANG_WARN_UNREACHABLE_CODE</key>
				<string>YES</string>
				<key>CLANG_WARN__DUPLICATE_METHOD_MATCH</key>
				<string>YES</string>
				<key>CODE_SIGN_IDENTITY[sdk=iphoneos*]</key>
				<string>iPhone Developer</string>
				<key>COPY_PHASE_STRIP</key>
				<string>NO</string>
				<key>DEBUG_INFORMATION_FORMAT</key>
				<string>dwarf-with-dsym</string>
				<key>ENABLE_NS_ASSERTIONS</key>
				<string>NO</string>
				<key>ENABLE_STRICT_OBJC_MSGSEND</key>
				<string>YES</string>
				<key>GCC_C_LANGUAGE_STANDARD</key>
				<string>gnu99</string>
				<key>GCC_NO_COMMON_BLOCKS</key>
				<string>YES</string>
				<key>GCC_WARN_64_TO_32_BIT_CONVERSION</key>
				<string>YES</string>
				<key>GCC_WARN_ABOUT_RETURN_TYPE</key>
				<string>YES_ERROR</string>
				<key>GCC_WARN_UNDECLARED_SELECTOR</key>
				<string>YES</string>
				<key>GCC_WARN_UNINITIALIZED_AUTOS</key>
				<string>YES_AGGRESSIVE</string>
				<key>GCC_WARN_UNUSED_FUNCTION</key>
				<string>YES</string>
				<key>GCC_WARN_UNUSED_VARIABLE</key>
				<string>YES</string>
				<key>IPHONEOS_DEPLOYMENT_TARGET</key>
				<string>9.3</string>
				<key>MTL_ENABLE_DEBUG_INFO</key>
				<string>NO</string>
				<key>SDKROOT</key>
				<string>iphoneos</string>
				<key>VALIDATE_PRODUCT</key>
				<string>YES</string>
			</dict>
			<key>isa</key>
			<string>XCBuildConfiguration</string>
			<key>name</key>
			<string>Release</string>
		</dict>
		<key>B84DC0FC1D5B5BED002BC517</key>
		<dict>
			<key>buildConfigurations</key>
			<array>
				<string>B84DC0FD1D5B5BED002BC517</string>
				<string>B84DC0FE1D5B5BED002BC517</string>
			</array>
			<key>defaultConfigurationIsVisible</key>
			<string>0</string>
			<key>defaultConfigurationName</key>
			<string>Release</string>
			<key>isa</key>
			<string>XCConfigurationList</string>
		</dict>
		<key>B84DC0FD1D5B5BED002BC517</key>
		<dict>
			<key>baseConfigurationReference</key>
			<string>AF872D10D5771EE55D34D01A</string>
			<key>buildSettings</key>
			<dict>
				<key>ASSETCATALOG_COMPILER_APPICON_NAME</key>
				<string>AppIcon</string>
				<key>INFOPLIST_FILE</key>
				<string>JFWeather/Info.plist</string>
				<key>LD_RUNPATH_SEARCH_PATHS</key>
				<string>$(inherited) @executable_path/Frameworks</string>
				<key>PRODUCT_BUNDLE_IDENTIFIER</key>
				<string>yf.JFWeather</string>
				<key>PRODUCT_NAME</key>
				<string>$(TARGET_NAME)</string>
				<key>SWIFT_OBJC_BRIDGING_HEADER</key>
				<string>$(PROJECT_DIR)/JFWeather/JFWeather-Bridging-Header.h</string>
			</dict>
			<key>isa</key>
			<string>XCBuildConfiguration</string>
			<key>name</key>
			<string>Debug</string>
		</dict>
		<key>B84DC0FE1D5B5BED002BC517</key>
		<dict>
			<key>baseConfigurationReference</key>
			<string>A0A535C53152D3CE6BAE049E</string>
			<key>buildSettings</key>
			<dict>
				<key>ASSETCATALOG_COMPILER_APPICON_NAME</key>
				<string>AppIcon</string>
				<key>INFOPLIST_FILE</key>
				<string>JFWeather/Info.plist</string>
				<key>LD_RUNPATH_SEARCH_PATHS</key>
				<string>$(inherited) @executable_path/Frameworks</string>
				<key>PRODUCT_BUNDLE_IDENTIFIER</key>
				<string>yf.JFWeather</string>
				<key>PRODUCT_NAME</key>
				<string>$(TARGET_NAME)</string>
				<key>SWIFT_OBJC_BRIDGING_HEADER</key>
				<string>$(PROJECT_DIR)/JFWeather/JFWeather-Bridging-Header.h</string>
			</dict>
			<key>isa</key>
			<string>XCBuildConfiguration</string>
			<key>name</key>
			<string>Release</string>
		</dict>
		<key>B84DC0FF1D5B5BED002BC517</key>
		<dict>
			<key>buildConfigurations</key>
			<array>
				<string>B84DC1001D5B5BED002BC517</string>
				<string>B84DC1011D5B5BED002BC517</string>
			</array>
			<key>defaultConfigurationIsVisible</key>
			<string>0</string>
			<key>defaultConfigurationName</key>
			<string>Release</string>
			<key>isa</key>
			<string>XCConfigurationList</string>
		</dict>
		<key>B84DC1001D5B5BED002BC517</key>
		<dict>
			<key>buildSettings</key>
			<dict>
				<key>BUNDLE_LOADER</key>
				<string>$(TEST_HOST)</string>
				<key>INFOPLIST_FILE</key>
				<string>JFWeatherTests/Info.plist</string>
				<key>LD_RUNPATH_SEARCH_PATHS</key>
				<string>$(inherited) @executable_path/Frameworks @loader_path/Frameworks</string>
				<key>PRODUCT_BUNDLE_IDENTIFIER</key>
				<string>yf.JFWeatherTests</string>
				<key>PRODUCT_NAME</key>
				<string>$(TARGET_NAME)</string>
				<key>TEST_HOST</key>
				<string>$(BUILT_PRODUCTS_DIR)/JFWeather.app/JFWeather</string>
			</dict>
			<key>isa</key>
			<string>XCBuildConfiguration</string>
			<key>name</key>
			<string>Debug</string>
		</dict>
		<key>B84DC1011D5B5BED002BC517</key>
		<dict>
			<key>buildSettings</key>
			<dict>
				<key>BUNDLE_LOADER</key>
				<string>$(TEST_HOST)</string>
				<key>INFOPLIST_FILE</key>
				<string>JFWeatherTests/Info.plist</string>
				<key>LD_RUNPATH_SEARCH_PATHS</key>
				<string>$(inherited) @executable_path/Frameworks @loader_path/Frameworks</string>
				<key>PRODUCT_BUNDLE_IDENTIFIER</key>
				<string>yf.JFWeatherTests</string>
				<key>PRODUCT_NAME</key>
				<string>$(TARGET_NAME)</string>
				<key>TEST_HOST</key>
				<string>$(BUILT_PRODUCTS_DIR)/JFWeather.app/JFWeather</string>
			</dict>
			<key>isa</key>
			<string>XCBuildConfiguration</string>
			<key>name</key>
			<string>Release</string>
		</dict>
		<key>B84DC1021D5B5BED002BC517</key>
		<dict>
			<key>buildConfigurations</key>
			<array>
				<string>B84DC1031D5B5BED002BC517</string>
				<string>B84DC1041D5B5BED002BC517</string>
			</array>
			<key>defaultConfigurationIsVisible</key>
			<string>0</string>
			<key>defaultConfigurationName</key>
			<string>Release</string>
			<key>isa</key>
			<string>XCConfigurationList</string>
		</dict>
		<key>B84DC1031D5B5BED002BC517</key>
		<dict>
			<key>buildSettings</key>
			<dict>
				<key>INFOPLIST_FILE</key>
				<string>JFWeatherUITests/Info.plist</string>
				<key>LD_RUNPATH_SEARCH_PATHS</key>
				<string>$(inherited) @executable_path/Frameworks @loader_path/Frameworks</string>
				<key>PRODUCT_BUNDLE_IDENTIFIER</key>
				<string>yf.JFWeatherUITests</string>
				<key>PRODUCT_NAME</key>
				<string>$(TARGET_NAME)</string>
				<key>TEST_TARGET_NAME</key>
				<string>JFWeather</string>
			</dict>
			<key>isa</key>
			<string>XCBuildConfiguration</string>
			<key>name</key>
			<string>Debug</string>
		</dict>
		<key>B84DC1041D5B5BED002BC517</key>
		<dict>
			<key>buildSettings</key>
			<dict>
				<key>INFOPLIST_FILE</key>
				<string>JFWeatherUITests/Info.plist</string>
				<key>LD_RUNPATH_SEARCH_PATHS</key>
				<string>$(inherited) @executable_path/Frameworks @loader_path/Frameworks</string>
				<key>PRODUCT_BUNDLE_IDENTIFIER</key>
				<string>yf.JFWeatherUITests</string>
				<key>PRODUCT_NAME</key>
				<string>$(TARGET_NAME)</string>
				<key>TEST_TARGET_NAME</key>
				<string>JFWeather</string>
			</dict>
			<key>isa</key>
			<string>XCBuildConfiguration</string>
			<key>name</key>
			<string>Release</string>
		</dict>
		<key>B84DC1051D5B5F0A002BC517</key>
		<dict>
			<key>children</key>
			<array>
				<string>B84DC1061D5B5F40002BC517</string>
				<string>B84DC1081D5B5F68002BC517</string>
				<string>B84DC10A1D5B5F95002BC517</string>
			</array>
			<key>isa</key>
			<string>PBXGroup</string>
			<key>name</key>
			<string>Menu</string>
			<key>sourceTree</key>
			<string>&lt;group&gt;</string>
		</dict>
		<key>B84DC1061D5B5F40002BC517</key>
		<dict>
			<key>fileEncoding</key>
			<string>4</string>
			<key>isa</key>
			<string>PBXFileReference</string>
			<key>lastKnownFileType</key>
			<string>sourcecode.swift</string>
			<key>path</key>
			<string>MainViewController.swift</string>
			<key>sourceTree</key>
			<string>&lt;group&gt;</string>
		</dict>
		<key>B84DC1071D5B5F40002BC517</key>
		<dict>
			<key>fileRef</key>
			<string>B84DC1061D5B5F40002BC517</string>
			<key>isa</key>
			<string>PBXBuildFile</string>
		</dict>
		<key>B84DC1081D5B5F68002BC517</key>
		<dict>
			<key>fileEncoding</key>
			<string>4</string>
			<key>isa</key>
			<string>PBXFileReference</string>
			<key>lastKnownFileType</key>
			<string>sourcecode.swift</string>
			<key>path</key>
			<string>LeftTableViewController.swift</string>
			<key>sourceTree</key>
			<string>&lt;group&gt;</string>
		</dict>
		<key>B84DC1091D5B5F68002BC517</key>
		<dict>
			<key>fileRef</key>
			<string>B84DC1081D5B5F68002BC517</string>
			<key>isa</key>
			<string>PBXBuildFile</string>
		</dict>
		<key>B84DC10A1D5B5F95002BC517</key>
		<dict>
			<key>fileEncoding</key>
			<string>4</string>
			<key>isa</key>
			<string>PBXFileReference</string>
			<key>lastKnownFileType</key>
			<string>sourcecode.swift</string>
			<key>path</key>
			<string>RightTableViewController.swift</string>
			<key>sourceTree</key>
			<string>&lt;group&gt;</string>
		</dict>
		<key>B84DC10B1D5B5F95002BC517</key>
		<dict>
			<key>fileRef</key>
			<string>B84DC10A1D5B5F95002BC517</string>
			<key>isa</key>
			<string>PBXBuildFile</string>
		</dict>
		<key>B89B14E71D699AE90021C973</key>
		<dict>
			<key>fileEncoding</key>
			<string>4</string>
			<key>isa</key>
			<string>PBXFileReference</string>
			<key>lastKnownFileType</key>
			<string>text.plist.xml</string>
			<key>path</key>
			<string>weatherMessage.plist</string>
			<key>sourceTree</key>
			<string>&lt;group&gt;</string>
		</dict>
		<key>B89B14E81D699AE90021C973</key>
		<dict>
			<key>fileRef</key>
			<string>B89B14E71D699AE90021C973</string>
			<key>isa</key>
			<string>PBXBuildFile</string>
		</dict>
		<key>B89F2AAE1D62EC1C00CD618D</key>
		<dict>
			<key>children</key>
			<array>
				<string>B89F2AAF1D62EC6600CD618D</string>
				<string>B89F2AB01D62EC6600CD618D</string>
				<string>B8F10D891D64599B003FA712</string>
				<string>B8F10D8A1D64599B003FA712</string>
				<string>B8AAFDB81D6837FF009DA4FB</string>
				<string>B8AAFDB91D6837FF009DA4FB</string>
			</array>
			<key>isa</key>
			<string>PBXGroup</string>
			<key>name</key>
			<string>Cells</string>
			<key>sourceTree</key>
			<string>&lt;group&gt;</string>
		</dict>
		<key>B89F2AAF1D62EC6600CD618D</key>
		<dict>
			<key>fileEncoding</key>
			<string>4</string>
			<key>isa</key>
			<string>PBXFileReference</string>
			<key>lastKnownFileType</key>
			<string>sourcecode.swift</string>
			<key>path</key>
			<string>LeftTableViewCell.swift</string>
			<key>sourceTree</key>
			<string>&lt;group&gt;</string>
		</dict>
		<key>B89F2AB01D62EC6600CD618D</key>
		<dict>
			<key>fileEncoding</key>
			<string>4</string>
			<key>isa</key>
			<string>PBXFileReference</string>
			<key>lastKnownFileType</key>
			<string>file.xib</string>
			<key>path</key>
			<string>LeftTableViewCell.xib</string>
			<key>sourceTree</key>
			<string>&lt;group&gt;</string>
		</dict>
		<key>B89F2AB11D62EC6600CD618D</key>
		<dict>
			<key>fileRef</key>
			<string>B89F2AAF1D62EC6600CD618D</string>
			<key>isa</key>
			<string>PBXBuildFile</string>
		</dict>
		<key>B89F2AB21D62EC6600CD618D</key>
		<dict>
			<key>fileRef</key>
			<string>B89F2AB01D62EC6600CD618D</string>
			<key>isa</key>
			<string>PBXBuildFile</string>
		</dict>
		<key>B8AAFDB81D6837FF009DA4FB</key>
		<dict>
			<key>fileEncoding</key>
			<string>4</string>
			<key>isa</key>
			<string>PBXFileReference</string>
			<key>lastKnownFileType</key>
			<string>sourcecode.swift</string>
			<key>path</key>
			<string>MainTableViewCell.swift</string>
			<key>sourceTree</key>
			<string>&lt;group&gt;</string>
		</dict>
		<key>B8AAFDB91D6837FF009DA4FB</key>
		<dict>
			<key>fileEncoding</key>
			<string>4</string>
			<key>isa</key>
			<string>PBXFileReference</string>
			<key>lastKnownFileType</key>
			<string>file.xib</string>
			<key>path</key>
			<string>MainTableViewCell.xib</string>
			<key>sourceTree</key>
			<string>&lt;group&gt;</string>
		</dict>
		<key>B8AAFDBA1D6837FF009DA4FB</key>
		<dict>
			<key>fileRef</key>
			<string>B8AAFDB81D6837FF009DA4FB</string>
			<key>isa</key>
			<string>PBXBuildFile</string>
		</dict>
		<key>B8AAFDBB1D6837FF009DA4FB</key>
		<dict>
			<key>fileRef</key>
			<string>B8AAFDB91D6837FF009DA4FB</string>
			<key>isa</key>
			<string>PBXBuildFile</string>
		</dict>
		<key>B8AAFDBC1D688A79009DA4FB</key>
		<dict>
			<key>fileEncoding</key>
			<string>4</string>
			<key>isa</key>
			<string>PBXFileReference</string>
			<key>lastKnownFileType</key>
			<string>text.plist.xml</string>
			<key>path</key>
			<string>weatherImage.plist</string>
			<key>sourceTree</key>
			<string>&lt;group&gt;</string>
		</dict>
		<key>B8AAFDBD1D688A79009DA4FB</key>
		<dict>
			<key>fileRef</key>
			<string>B8AAFDBC1D688A79009DA4FB</string>
			<key>isa</key>
			<string>PBXBuildFile</string>
		</dict>
		<key>B8BCF0541D66D2BD00BF46A4</key>
		<dict>
			<key>fileEncoding</key>
			<string>4</string>
			<key>isa</key>
			<string>PBXFileReference</string>
			<key>lastKnownFileType</key>
			<string>text.plist.xml</string>
			<key>path</key>
			<string>weatherBG.plist</string>
			<key>sourceTree</key>
			<string>&lt;group&gt;</string>
		</dict>
		<key>B8BCF0551D66D2BD00BF46A4</key>
		<dict>
			<key>fileRef</key>
			<string>B8BCF0541D66D2BD00BF46A4</string>
			<key>isa</key>
			<string>PBXBuildFile</string>
		</dict>
		<key>B8BCF0561D66E03000BF46A4</key>
		<dict>
			<key>children</key>
			<array>
				<string>B8BCF0591D66E09E00BF46A4</string>
			</array>
			<key>isa</key>
			<string>PBXGroup</string>
			<key>name</key>
			<string>Model</string>
			<key>sourceTree</key>
			<string>&lt;group&gt;</string>
		</dict>
		<key>B8BCF0591D66E09E00BF46A4</key>
		<dict>
			<key>fileEncoding</key>
			<string>4</string>
			<key>isa</key>
			<string>PBXFileReference</string>
			<key>lastKnownFileType</key>
			<string>sourcecode.swift</string>
			<key>path</key>
			<string>WeatherInfo.swift</string>
			<key>sourceTree</key>
			<string>&lt;group&gt;</string>
		</dict>
		<key>B8BCF05A1D66E09E00BF46A4</key>
		<dict>
			<key>fileRef</key>
			<string>B8BCF0591D66E09E00BF46A4</string>
			<key>isa</key>
			<string>PBXBuildFile</string>
		</dict>
		<key>B8BCF05B1D670FAD00BF46A4</key>
		<dict>
			<key>children</key>
			<array>
				<string>B8BCF05C1D670FAD00BF46A4</string>
			</array>
			<key>isa</key>
			<string>PBXGroup</string>
			<key>path</key>
			<string>SDK</string>
			<key>sourceTree</key>
			<string>&lt;group&gt;</string>
		</dict>
		<key>B8BCF05C1D670FAD00BF46A4</key>
		<dict>
			<key>children</key>
			<array>
				<string>B8BCF05D1D670FAD00BF46A4</string>
				<string>B8BCF0681D670FAD00BF46A4</string>
				<string>B8BCF07F1D670FAD00BF46A4</string>
				<string>B8BCF0801D670FAD00BF46A4</string>
				<string>B8BCF0811D670FAD00BF46A4</string>
				<string>B8BCF0821D670FAD00BF46A4</string>
				<string>B8BCF0831D670FAD00BF46A4</string>
				<string>B8BCF0841D670FAD00BF46A4</string>
				<string>B8BCF0851D670FAD00BF46A4</string>
				<string>B8BCF0861D670FAD00BF46A4</string>
				<string>B8BCF0871D670FAD00BF46A4</string>
				<string>B8BCF0881D670FAD00BF46A4</string>
			</array>
			<key>isa</key>
			<string>PBXGroup</string>
			<key>path</key>
			<string>MJRefresh</string>
			<key>sourceTree</key>
			<string>&lt;group&gt;</string>
		</dict>
		<key>B8BCF05D1D670FAD00BF46A4</key>
		<dict>
			<key>children</key>
			<array>
				<string>B8BCF05E1D670FAD00BF46A4</string>
				<string>B8BCF05F1D670FAD00BF46A4</string>
				<string>B8BCF0601D670FAD00BF46A4</string>
				<string>B8BCF0611D670FAD00BF46A4</string>
				<string>B8BCF0621D670FAD00BF46A4</string>
				<string>B8BCF0631D670FAD00BF46A4</string>
				<string>B8BCF0641D670FAD00BF46A4</string>
				<string>B8BCF0651D670FAD00BF46A4</string>
				<string>B8BCF0661D670FAD00BF46A4</string>
				<string>B8BCF0671D670FAD00BF46A4</string>
			</array>
			<key>isa</key>
			<string>PBXGroup</string>
			<key>path</key>
			<string>Base</string>
			<key>sourceTree</key>
			<string>&lt;group&gt;</string>
		</dict>
		<key>B8BCF05E1D670FAD00BF46A4</key>
		<dict>
			<key>fileEncoding</key>
			<string>4</string>
			<key>isa</key>
			<string>PBXFileReference</string>
			<key>lastKnownFileType</key>
			<string>sourcecode.c.h</string>
			<key>path</key>
			<string>MJRefreshAutoFooter.h</string>
			<key>sourceTree</key>
			<string>&lt;group&gt;</string>
		</dict>
		<key>B8BCF05F1D670FAD00BF46A4</key>
		<dict>
			<key>fileEncoding</key>
			<string>4</string>
			<key>isa</key>
			<string>PBXFileReference</string>
			<key>lastKnownFileType</key>
			<string>sourcecode.c.objc</string>
			<key>path</key>
			<string>MJRefreshAutoFooter.m</string>
			<key>sourceTree</key>
			<string>&lt;group&gt;</string>
		</dict>
		<key>B8BCF0601D670FAD00BF46A4</key>
		<dict>
			<key>fileEncoding</key>
			<string>4</string>
			<key>isa</key>
			<string>PBXFileReference</string>
			<key>lastKnownFileType</key>
			<string>sourcecode.c.h</string>
			<key>path</key>
			<string>MJRefreshBackFooter.h</string>
			<key>sourceTree</key>
			<string>&lt;group&gt;</string>
		</dict>
		<key>B8BCF0611D670FAD00BF46A4</key>
		<dict>
			<key>fileEncoding</key>
			<string>4</string>
			<key>isa</key>
			<string>PBXFileReference</string>
			<key>lastKnownFileType</key>
			<string>sourcecode.c.objc</string>
			<key>path</key>
			<string>MJRefreshBackFooter.m</string>
			<key>sourceTree</key>
			<string>&lt;group&gt;</string>
		</dict>
		<key>B8BCF0621D670FAD00BF46A4</key>
		<dict>
			<key>fileEncoding</key>
			<string>4</string>
			<key>isa</key>
			<string>PBXFileReference</string>
			<key>lastKnownFileType</key>
			<string>sourcecode.c.h</string>
			<key>path</key>
			<string>MJRefreshComponent.h</string>
			<key>sourceTree</key>
			<string>&lt;group&gt;</string>
		</dict>
		<key>B8BCF0631D670FAD00BF46A4</key>
		<dict>
			<key>fileEncoding</key>
			<string>4</string>
			<key>isa</key>
			<string>PBXFileReference</string>
			<key>lastKnownFileType</key>
			<string>sourcecode.c.objc</string>
			<key>path</key>
			<string>MJRefreshComponent.m</string>
			<key>sourceTree</key>
			<string>&lt;group&gt;</string>
		</dict>
		<key>B8BCF0641D670FAD00BF46A4</key>
		<dict>
			<key>fileEncoding</key>
			<string>4</string>
			<key>isa</key>
			<string>PBXFileReference</string>
			<key>lastKnownFileType</key>
			<string>sourcecode.c.h</string>
			<key>path</key>
			<string>MJRefreshFooter.h</string>
			<key>sourceTree</key>
			<string>&lt;group&gt;</string>
		</dict>
		<key>B8BCF0651D670FAD00BF46A4</key>
		<dict>
			<key>fileEncoding</key>
			<string>4</string>
			<key>isa</key>
			<string>PBXFileReference</string>
			<key>lastKnownFileType</key>
			<string>sourcecode.c.objc</string>
			<key>path</key>
			<string>MJRefreshFooter.m</string>
			<key>sourceTree</key>
			<string>&lt;group&gt;</string>
		</dict>
		<key>B8BCF0661D670FAD00BF46A4</key>
		<dict>
			<key>fileEncoding</key>
			<string>4</string>
			<key>isa</key>
			<string>PBXFileReference</string>
			<key>lastKnownFileType</key>
			<string>sourcecode.c.h</string>
			<key>path</key>
			<string>MJRefreshHeader.h</string>
			<key>sourceTree</key>
			<string>&lt;group&gt;</string>
		</dict>
		<key>B8BCF0671D670FAD00BF46A4</key>
		<dict>
			<key>fileEncoding</key>
			<string>4</string>
			<key>isa</key>
			<string>PBXFileReference</string>
			<key>lastKnownFileType</key>
			<string>sourcecode.c.objc</string>
			<key>path</key>
			<string>MJRefreshHeader.m</string>
			<key>sourceTree</key>
			<string>&lt;group&gt;</string>
		</dict>
		<key>B8BCF0681D670FAD00BF46A4</key>
		<dict>
			<key>children</key>
			<array>
				<string>B8BCF0691D670FAD00BF46A4</string>
				<string>B8BCF0781D670FAD00BF46A4</string>
			</array>
			<key>isa</key>
			<string>PBXGroup</string>
			<key>path</key>
			<string>Custom</string>
			<key>sourceTree</key>
			<string>&lt;group&gt;</string>
		</dict>
		<key>B8BCF0691D670FAD00BF46A4</key>
		<dict>
			<key>children</key>
			<array>
				<string>B8BCF06A1D670FAD00BF46A4</string>
				<string>B8BCF0711D670FAD00BF46A4</string>
			</array>
			<key>isa</key>
			<string>PBXGroup</string>
			<key>path</key>
			<string>Footer</string>
			<key>sourceTree</key>
			<string>&lt;group&gt;</string>
		</dict>
		<key>B8BCF06A1D670FAD00BF46A4</key>
		<dict>
			<key>children</key>
			<array>
				<string>B8BCF06B1D670FAD00BF46A4</string>
				<string>B8BCF06C1D670FAD00BF46A4</string>
				<string>B8BCF06D1D670FAD00BF46A4</string>
				<string>B8BCF06E1D670FAD00BF46A4</string>
				<string>B8BCF06F1D670FAD00BF46A4</string>
				<string>B8BCF0701D670FAD00BF46A4</string>
			</array>
			<key>isa</key>
			<string>PBXGroup</string>
			<key>path</key>
			<string>Auto</string>
			<key>sourceTree</key>
			<string>&lt;group&gt;</string>
		</dict>
		<key>B8BCF06B1D670FAD00BF46A4</key>
		<dict>
			<key>fileEncoding</key>
			<string>4</string>
			<key>isa</key>
			<string>PBXFileReference</string>
			<key>lastKnownFileType</key>
			<string>sourcecode.c.h</string>
			<key>path</key>
			<string>MJRefreshAutoGifFooter.h</string>
			<key>sourceTree</key>
			<string>&lt;group&gt;</string>
		</dict>
		<key>B8BCF06C1D670FAD00BF46A4</key>
		<dict>
			<key>fileEncoding</key>
			<string>4</string>
			<key>isa</key>
			<string>PBXFileReference</string>
			<key>lastKnownFileType</key>
			<string>sourcecode.c.objc</string>
			<key>path</key>
			<string>MJRefreshAutoGifFooter.m</string>
			<key>sourceTree</key>
			<string>&lt;group&gt;</string>
		</dict>
		<key>B8BCF06D1D670FAD00BF46A4</key>
		<dict>
			<key>fileEncoding</key>
			<string>4</string>
			<key>isa</key>
			<string>PBXFileReference</string>
			<key>lastKnownFileType</key>
			<string>sourcecode.c.h</string>
			<key>path</key>
			<string>MJRefreshAutoNormalFooter.h</string>
			<key>sourceTree</key>
			<string>&lt;group&gt;</string>
		</dict>
		<key>B8BCF06E1D670FAD00BF46A4</key>
		<dict>
			<key>fileEncoding</key>
			<string>4</string>
			<key>isa</key>
			<string>PBXFileReference</string>
			<key>lastKnownFileType</key>
			<string>sourcecode.c.objc</string>
			<key>path</key>
			<string>MJRefreshAutoNormalFooter.m</string>
			<key>sourceTree</key>
			<string>&lt;group&gt;</string>
		</dict>
		<key>B8BCF06F1D670FAD00BF46A4</key>
		<dict>
			<key>fileEncoding</key>
			<string>4</string>
			<key>isa</key>
			<string>PBXFileReference</string>
			<key>lastKnownFileType</key>
			<string>sourcecode.c.h</string>
			<key>path</key>
			<string>MJRefreshAutoStateFooter.h</string>
			<key>sourceTree</key>
			<string>&lt;group&gt;</string>
		</dict>
		<key>B8BCF0701D670FAD00BF46A4</key>
		<dict>
			<key>fileEncoding</key>
			<string>4</string>
			<key>isa</key>
			<string>PBXFileReference</string>
			<key>lastKnownFileType</key>
			<string>sourcecode.c.objc</string>
			<key>path</key>
			<string>MJRefreshAutoStateFooter.m</string>
			<key>sourceTree</key>
			<string>&lt;group&gt;</string>
		</dict>
		<key>B8BCF0711D670FAD00BF46A4</key>
		<dict>
			<key>children</key>
			<array>
				<string>B8BCF0721D670FAD00BF46A4</string>
				<string>B8BCF0731D670FAD00BF46A4</string>
				<string>B8BCF0741D670FAD00BF46A4</string>
				<string>B8BCF0751D670FAD00BF46A4</string>
				<string>B8BCF0761D670FAD00BF46A4</string>
				<string>B8BCF0771D670FAD00BF46A4</string>
			</array>
			<key>isa</key>
			<string>PBXGroup</string>
			<key>path</key>
			<string>Back</string>
			<key>sourceTree</key>
			<string>&lt;group&gt;</string>
		</dict>
		<key>B8BCF0721D670FAD00BF46A4</key>
		<dict>
			<key>fileEncoding</key>
			<string>4</string>
			<key>isa</key>
			<string>PBXFileReference</string>
			<key>lastKnownFileType</key>
			<string>sourcecode.c.h</string>
			<key>path</key>
			<string>MJRefreshBackGifFooter.h</string>
			<key>sourceTree</key>
			<string>&lt;group&gt;</string>
		</dict>
		<key>B8BCF0731D670FAD00BF46A4</key>
		<dict>
			<key>fileEncoding</key>
			<string>4</string>
			<key>isa</key>
			<string>PBXFileReference</string>
			<key>lastKnownFileType</key>
			<string>sourcecode.c.objc</string>
			<key>path</key>
			<string>MJRefreshBackGifFooter.m</string>
			<key>sourceTree</key>
			<string>&lt;group&gt;</string>
		</dict>
		<key>B8BCF0741D670FAD00BF46A4</key>
		<dict>
			<key>fileEncoding</key>
			<string>4</string>
			<key>isa</key>
			<string>PBXFileReference</string>
			<key>lastKnownFileType</key>
			<string>sourcecode.c.h</string>
			<key>path</key>
			<string>MJRefreshBackNormalFooter.h</string>
			<key>sourceTree</key>
			<string>&lt;group&gt;</string>
		</dict>
		<key>B8BCF0751D670FAD00BF46A4</key>
		<dict>
			<key>fileEncoding</key>
			<string>4</string>
			<key>isa</key>
			<string>PBXFileReference</string>
			<key>lastKnownFileType</key>
			<string>sourcecode.c.objc</string>
			<key>path</key>
			<string>MJRefreshBackNormalFooter.m</string>
			<key>sourceTree</key>
			<string>&lt;group&gt;</string>
		</dict>
		<key>B8BCF0761D670FAD00BF46A4</key>
		<dict>
			<key>fileEncoding</key>
			<string>4</string>
			<key>isa</key>
			<string>PBXFileReference</string>
			<key>lastKnownFileType</key>
			<string>sourcecode.c.h</string>
			<key>path</key>
			<string>MJRefreshBackStateFooter.h</string>
			<key>sourceTree</key>
			<string>&lt;group&gt;</string>
		</dict>
		<key>B8BCF0771D670FAD00BF46A4</key>
		<dict>
			<key>fileEncoding</key>
			<string>4</string>
			<key>isa</key>
			<string>PBXFileReference</string>
			<key>lastKnownFileType</key>
			<string>sourcecode.c.objc</string>
			<key>path</key>
			<string>MJRefreshBackStateFooter.m</string>
			<key>sourceTree</key>
			<string>&lt;group&gt;</string>
		</dict>
		<key>B8BCF0781D670FAD00BF46A4</key>
		<dict>
			<key>children</key>
			<array>
				<string>B8BCF0791D670FAD00BF46A4</string>
				<string>B8BCF07A1D670FAD00BF46A4</string>
				<string>B8BCF07B1D670FAD00BF46A4</string>
				<string>B8BCF07C1D670FAD00BF46A4</string>
				<string>B8BCF07D1D670FAD00BF46A4</string>
				<string>B8BCF07E1D670FAD00BF46A4</string>
			</array>
			<key>isa</key>
			<string>PBXGroup</string>
			<key>path</key>
			<string>Header</string>
			<key>sourceTree</key>
			<string>&lt;group&gt;</string>
		</dict>
		<key>B8BCF0791D670FAD00BF46A4</key>
		<dict>
			<key>fileEncoding</key>
			<string>4</string>
			<key>isa</key>
			<string>PBXFileReference</string>
			<key>lastKnownFileType</key>
			<string>sourcecode.c.h</string>
			<key>path</key>
			<string>MJRefreshGifHeader.h</string>
			<key>sourceTree</key>
			<string>&lt;group&gt;</string>
		</dict>
		<key>B8BCF07A1D670FAD00BF46A4</key>
		<dict>
			<key>fileEncoding</key>
			<string>4</string>
			<key>isa</key>
			<string>PBXFileReference</string>
			<key>lastKnownFileType</key>
			<string>sourcecode.c.objc</string>
			<key>path</key>
			<string>MJRefreshGifHeader.m</string>
			<key>sourceTree</key>
			<string>&lt;group&gt;</string>
		</dict>
		<key>B8BCF07B1D670FAD00BF46A4</key>
		<dict>
			<key>fileEncoding</key>
			<string>4</string>
			<key>isa</key>
			<string>PBXFileReference</string>
			<key>lastKnownFileType</key>
			<string>sourcecode.c.h</string>
			<key>path</key>
			<string>MJRefreshNormalHeader.h</string>
			<key>sourceTree</key>
			<string>&lt;group&gt;</string>
		</dict>
		<key>B8BCF07C1D670FAD00BF46A4</key>
		<dict>
			<key>fileEncoding</key>
			<string>4</string>
			<key>isa</key>
			<string>PBXFileReference</string>
			<key>lastKnownFileType</key>
			<string>sourcecode.c.objc</string>
			<key>path</key>
			<string>MJRefreshNormalHeader.m</string>
			<key>sourceTree</key>
			<string>&lt;group&gt;</string>
		</dict>
		<key>B8BCF07D1D670FAD00BF46A4</key>
		<dict>
			<key>fileEncoding</key>
			<string>4</string>
			<key>isa</key>
			<string>PBXFileReference</string>
			<key>lastKnownFileType</key>
			<string>sourcecode.c.h</string>
			<key>path</key>
			<string>MJRefreshStateHeader.h</string>
			<key>sourceTree</key>
			<string>&lt;group&gt;</string>
		</dict>
		<key>B8BCF07E1D670FAD00BF46A4</key>
		<dict>
			<key>fileEncoding</key>
			<string>4</string>
			<key>isa</key>
			<string>PBXFileReference</string>
			<key>lastKnownFileType</key>
			<string>sourcecode.c.objc</string>
			<key>path</key>
			<string>MJRefreshStateHeader.m</string>
			<key>sourceTree</key>
			<string>&lt;group&gt;</string>
		</dict>
		<key>B8BCF07F1D670FAD00BF46A4</key>
		<dict>
			<key>isa</key>
			<string>PBXFileReference</string>
			<key>lastKnownFileType</key>
			<string>wrapper.plug-in</string>
			<key>path</key>
			<string>MJRefresh.bundle</string>
			<key>sourceTree</key>
			<string>&lt;group&gt;</string>
		</dict>
		<key>B8BCF0801D670FAD00BF46A4</key>
		<dict>
			<key>fileEncoding</key>
			<string>4</string>
			<key>isa</key>
			<string>PBXFileReference</string>
			<key>lastKnownFileType</key>
			<string>sourcecode.c.h</string>
			<key>path</key>
			<string>MJRefresh.h</string>
			<key>sourceTree</key>
			<string>&lt;group&gt;</string>
		</dict>
		<key>B8BCF0811D670FAD00BF46A4</key>
		<dict>
			<key>fileEncoding</key>
			<string>4</string>
			<key>isa</key>
			<string>PBXFileReference</string>
			<key>lastKnownFileType</key>
			<string>sourcecode.c.h</string>
			<key>path</key>
			<string>MJRefreshConst.h</string>
			<key>sourceTree</key>
			<string>&lt;group&gt;</string>
		</dict>
		<key>B8BCF0821D670FAD00BF46A4</key>
		<dict>
			<key>fileEncoding</key>
			<string>4</string>
			<key>isa</key>
			<string>PBXFileReference</string>
			<key>lastKnownFileType</key>
			<string>sourcecode.c.objc</string>
			<key>path</key>
			<string>MJRefreshConst.m</string>
			<key>sourceTree</key>
			<string>&lt;group&gt;</string>
		</dict>
		<key>B8BCF0831D670FAD00BF46A4</key>
		<dict>
			<key>fileEncoding</key>
			<string>4</string>
			<key>isa</key>
			<string>PBXFileReference</string>
			<key>lastKnownFileType</key>
			<string>sourcecode.c.h</string>
			<key>path</key>
			<string>UIScrollView+MJExtension.h</string>
			<key>sourceTree</key>
			<string>&lt;group&gt;</string>
		</dict>
		<key>B8BCF0841D670FAD00BF46A4</key>
		<dict>
			<key>fileEncoding</key>
			<string>4</string>
			<key>isa</key>
			<string>PBXFileReference</string>
			<key>lastKnownFileType</key>
			<string>sourcecode.c.objc</string>
			<key>path</key>
			<string>UIScrollView+MJExtension.m</string>
			<key>sourceTree</key>
			<string>&lt;group&gt;</string>
		</dict>
		<key>B8BCF0851D670FAD00BF46A4</key>
		<dict>
			<key>fileEncoding</key>
			<string>4</string>
			<key>isa</key>
			<string>PBXFileReference</string>
			<key>lastKnownFileType</key>
			<string>sourcecode.c.h</string>
			<key>path</key>
			<string>UIScrollView+MJRefresh.h</string>
			<key>sourceTree</key>
			<string>&lt;group&gt;</string>
		</dict>
		<key>B8BCF0861D670FAD00BF46A4</key>
		<dict>
			<key>fileEncoding</key>
			<string>4</string>
			<key>isa</key>
			<string>PBXFileReference</string>
			<key>lastKnownFileType</key>
			<string>sourcecode.c.objc</string>
			<key>path</key>
			<string>UIScrollView+MJRefresh.m</string>
			<key>sourceTree</key>
			<string>&lt;group&gt;</string>
		</dict>
		<key>B8BCF0871D670FAD00BF46A4</key>
		<dict>
			<key>fileEncoding</key>
			<string>4</string>
			<key>isa</key>
			<string>PBXFileReference</string>
			<key>lastKnownFileType</key>
			<string>sourcecode.c.h</string>
			<key>path</key>
			<string>UIView+MJExtension.h</string>
			<key>sourceTree</key>
			<string>&lt;group&gt;</string>
		</dict>
		<key>B8BCF0881D670FAD00BF46A4</key>
		<dict>
			<key>fileEncoding</key>
			<string>4</string>
			<key>isa</key>
			<string>PBXFileReference</string>
			<key>lastKnownFileType</key>
			<string>sourcecode.c.objc</string>
			<key>path</key>
			<string>UIView+MJExtension.m</string>
			<key>sourceTree</key>
			<string>&lt;group&gt;</string>
		</dict>
		<key>B8BCF0891D670FAD00BF46A4</key>
		<dict>
			<key>fileRef</key>
			<string>B8BCF05F1D670FAD00BF46A4</string>
			<key>isa</key>
			<string>PBXBuildFile</string>
		</dict>
		<key>B8BCF08A1D670FAD00BF46A4</key>
		<dict>
			<key>fileRef</key>
			<string>B8BCF0611D670FAD00BF46A4</string>
			<key>isa</key>
			<string>PBXBuildFile</string>
		</dict>
		<key>B8BCF08B1D670FAD00BF46A4</key>
		<dict>
			<key>fileRef</key>
			<string>B8BCF0631D670FAD00BF46A4</string>
			<key>isa</key>
			<string>PBXBuildFile</string>
		</dict>
		<key>B8BCF08C1D670FAD00BF46A4</key>
		<dict>
			<key>fileRef</key>
			<string>B8BCF0651D670FAD00BF46A4</string>
			<key>isa</key>
			<string>PBXBuildFile</string>
		</dict>
		<key>B8BCF08D1D670FAD00BF46A4</key>
		<dict>
			<key>fileRef</key>
			<string>B8BCF0671D670FAD00BF46A4</string>
			<key>isa</key>
			<string>PBXBuildFile</string>
		</dict>
		<key>B8BCF08E1D670FAD00BF46A4</key>
		<dict>
			<key>fileRef</key>
			<string>B8BCF06C1D670FAD00BF46A4</string>
			<key>isa</key>
			<string>PBXBuildFile</string>
		</dict>
		<key>B8BCF08F1D670FAD00BF46A4</key>
		<dict>
			<key>fileRef</key>
			<string>B8BCF06E1D670FAD00BF46A4</string>
			<key>isa</key>
			<string>PBXBuildFile</string>
		</dict>
		<key>B8BCF0901D670FAD00BF46A4</key>
		<dict>
			<key>fileRef</key>
			<string>B8BCF0701D670FAD00BF46A4</string>
			<key>isa</key>
			<string>PBXBuildFile</string>
		</dict>
		<key>B8BCF0911D670FAD00BF46A4</key>
		<dict>
			<key>fileRef</key>
			<string>B8BCF0731D670FAD00BF46A4</string>
			<key>isa</key>
			<string>PBXBuildFile</string>
		</dict>
		<key>B8BCF0921D670FAD00BF46A4</key>
		<dict>
			<key>fileRef</key>
			<string>B8BCF0751D670FAD00BF46A4</string>
			<key>isa</key>
			<string>PBXBuildFile</string>
		</dict>
		<key>B8BCF0931D670FAD00BF46A4</key>
		<dict>
			<key>fileRef</key>
			<string>B8BCF0771D670FAD00BF46A4</string>
			<key>isa</key>
			<string>PBXBuildFile</string>
		</dict>
		<key>B8BCF0941D670FAD00BF46A4</key>
		<dict>
			<key>fileRef</key>
			<string>B8BCF07A1D670FAD00BF46A4</string>
			<key>isa</key>
			<string>PBXBuildFile</string>
		</dict>
		<key>B8BCF0951D670FAD00BF46A4</key>
		<dict>
			<key>fileRef</key>
			<string>B8BCF07C1D670FAD00BF46A4</string>
			<key>isa</key>
			<string>PBXBuildFile</string>
		</dict>
		<key>B8BCF0961D670FAD00BF46A4</key>
		<dict>
			<key>fileRef</key>
			<string>B8BCF07E1D670FAD00BF46A4</string>
			<key>isa</key>
			<string>PBXBuildFile</string>
		</dict>
		<key>B8BCF0971D670FAD00BF46A4</key>
		<dict>
			<key>fileRef</key>
			<string>B8BCF07F1D670FAD00BF46A4</string>
			<key>isa</key>
			<string>PBXBuildFile</string>
		</dict>
		<key>B8BCF0981D670FAD00BF46A4</key>
		<dict>
			<key>fileRef</key>
			<string>B8BCF0821D670FAD00BF46A4</string>
			<key>isa</key>
			<string>PBXBuildFile</string>
		</dict>
		<key>B8BCF0991D670FAD00BF46A4</key>
		<dict>
			<key>fileRef</key>
			<string>B8BCF0841D670FAD00BF46A4</string>
			<key>isa</key>
			<string>PBXBuildFile</string>
		</dict>
		<key>B8BCF09A1D670FAD00BF46A4</key>
		<dict>
			<key>fileRef</key>
			<string>B8BCF0861D670FAD00BF46A4</string>
			<key>isa</key>
			<string>PBXBuildFile</string>
		</dict>
		<key>B8BCF09B1D670FAD00BF46A4</key>
		<dict>
			<key>fileRef</key>
			<string>B8BCF0881D670FAD00BF46A4</string>
			<key>isa</key>
			<string>PBXBuildFile</string>
		</dict>
		<key>B8BCF09C1D67147A00BF46A4</key>
		<dict>
			<key>isa</key>
			<string>PBXFileReference</string>
			<key>lastKnownFileType</key>
			<string>sourcecode.c.h</string>
			<key>path</key>
			<string>JFWeather-Bridging-Header.h</string>
			<key>sourceTree</key>
			<string>&lt;group&gt;</string>
		</dict>
		<key>B8DAB5BA1D660DEF00235006</key>
		<dict>
			<key>children</key>
			<array>
				<string>B89B14E71D699AE90021C973</string>
				<string>B8BCF0541D66D2BD00BF46A4</string>
				<string>B8DAB5BB1D660E1900235006</string>
				<string>B8AAFDBC1D688A79009DA4FB</string>
			</array>
			<key>isa</key>
			<string>PBXGroup</string>
			<key>name</key>
			<string>Tool</string>
			<key>sourceTree</key>
			<string>&lt;group&gt;</string>
		</dict>
		<key>B8DAB5BB1D660E1900235006</key>
		<dict>
			<key>fileEncoding</key>
			<string>4</string>
			<key>isa</key>
			<string>PBXFileReference</string>
			<key>lastKnownFileType</key>
			<string>sourcecode.swift</string>
			<key>path</key>
			<string>Tool.swift</string>
			<key>sourceTree</key>
			<string>&lt;group&gt;</string>
		</dict>
		<key>B8DAB5BC1D660E1900235006</key>
		<dict>
			<key>fileRef</key>
			<string>B8DAB5BB1D660E1900235006</string>
			<key>isa</key>
			<string>PBXBuildFile</string>
		</dict>
		<key>B8F10D891D64599B003FA712</key>
		<dict>
			<key>fileEncoding</key>
			<string>4</string>
			<key>isa</key>
			<string>PBXFileReference</string>
			<key>lastKnownFileType</key>
			<string>sourcecode.swift</string>
			<key>path</key>
			<string>RightTableViewCell.swift</string>
			<key>sourceTree</key>
			<string>&lt;group&gt;</string>
		</dict>
		<key>B8F10D8A1D64599B003FA712</key>
		<dict>
			<key>fileEncoding</key>
			<string>4</string>
			<key>isa</key>
			<string>PBXFileReference</string>
			<key>lastKnownFileType</key>
			<string>file.xib</string>
			<key>path</key>
			<string>RightTableViewCell.xib</string>
			<key>sourceTree</key>
			<string>&lt;group&gt;</string>
		</dict>
		<key>B8F10D8B1D64599B003FA712</key>
		<dict>
			<key>fileRef</key>
			<string>B8F10D891D64599B003FA712</string>
			<key>isa</key>
			<string>PBXBuildFile</string>
		</dict>
		<key>B8F10D8C1D64599B003FA712</key>
		<dict>
			<key>fileRef</key>
			<string>B8F10D8A1D64599B003FA712</string>
			<key>isa</key>
			<string>PBXBuildFile</string>
		</dict>
		<key>B8F10D8D1D64655E003FA712</key>
		<dict>
			<key>fileEncoding</key>
			<string>4</string>
			<key>isa</key>
			<string>PBXFileReference</string>
			<key>lastKnownFileType</key>
			<string>sourcecode.swift</string>
			<key>path</key>
			<string>Helper.swift</string>
			<key>sourceTree</key>
			<string>&lt;group&gt;</string>
		</dict>
		<key>B8F10D8E1D64655E003FA712</key>
		<dict>
			<key>fileRef</key>
			<string>B8F10D8D1D64655E003FA712</string>
			<key>isa</key>
			<string>PBXBuildFile</string>
		</dict>
		<key>BD0DB8FA84E90C162B13CDDD</key>
		<dict>
			<key>explicitFileType</key>
			<string>archive.ar</string>
			<key>includeInIndex</key>
			<string>0</string>
			<key>isa</key>
			<string>PBXFileReference</string>
			<key>path</key>
			<string>libPods.a</string>
			<key>sourceTree</key>
			<string>BUILT_PRODUCTS_DIR</string>
		</dict>
	</dict>
	<key>rootObject</key>
	<string>B84DC0C91D5B5BED002BC517</string>
</dict>
</plist>
