// !$*UTF8*$!
{
	archiveVersion = 1;
	classes = {
	};
	objectVersion = 46;
	objects = {

/* Begin PBXBuildFile section */
		B84DC0D51D5B5BED002BC517 /* AppDelegate.swift in Sources */ = {isa = PBXBuildFile; fileRef = B84DC0D41D5B5BED002BC517 /* AppDelegate.swift */; };
		B84DC0D71D5B5BED002BC517 /* ViewController.swift in Sources */ = {isa = PBXBuildFile; fileRef = B84DC0D61D5B5BED002BC517 /* ViewController.swift */; };
		B84DC0DA1D5B5BED002BC517 /* Main.storyboard in Resources */ = {isa = PBXBuildFile; fileRef = B84DC0D81D5B5BED002BC517 /* Main.storyboard */; };
		B84DC0DD1D5B5BED002BC517 /* JFWeather.xcdatamodeld in Sources */ = {isa = PBXBuildFile; fileRef = B84DC0DB1D5B5BED002BC517 /* JFWeather.xcdatamodeld */; };
		B84DC0DF1D5B5BED002BC517 /* Assets.xcassets in Resources */ = {isa = PBXBuildFile; fileRef = B84DC0DE1D5B5BED002BC517 /* Assets.xcassets */; };
		B84DC0E21D5B5BED002BC517 /* LaunchScreen.storyboard in Resources */ = {isa = PBXBuildFile; fileRef = B84DC0E01D5B5BED002BC517 /* LaunchScreen.storyboard */; };
		B84DC0ED1D5B5BED002BC517 /* JFWeatherTests.swift in Sources */ = {isa = PBXBuildFile; fileRef = B84DC0EC1D5B5BED002BC517 /* JFWeatherTests.swift */; };
		B84DC0F81D5B5BED002BC517 /* JFWeatherUITests.swift in Sources */ = {isa = PBXBuildFile; fileRef = B84DC0F71D5B5BED002BC517 /* JFWeatherUITests.swift */; };
		B84DC1071D5B5F40002BC517 /* MainViewController.swift in Sources */ = {isa = PBXBuildFile; fileRef = B84DC1061D5B5F40002BC517 /* MainViewController.swift */; };
		B84DC1091D5B5F68002BC517 /* LeftTableViewController.swift in Sources */ = {isa = PBXBuildFile; fileRef = B84DC1081D5B5F68002BC517 /* LeftTableViewController.swift */; };
		B84DC10B1D5B5F95002BC517 /* RightTableViewController.swift in Sources */ = {isa = PBXBuildFile; fileRef = B84DC10A1D5B5F95002BC517 /* RightTableViewController.swift */; };
		B89F2AB11D62EC6600CD618D /* LeftTableViewCell.swift in Sources */ = {isa = PBXBuildFile; fileRef = B89F2AAF1D62EC6600CD618D /* LeftTableViewCell.swift */; };
		B89F2AB21D62EC6600CD618D /* LeftTableViewCell.xib in Resources */ = {isa = PBXBuildFile; fileRef = B89F2AB01D62EC6600CD618D /* LeftTableViewCell.xib */; };
/* End PBXBuildFile section */

/* Begin PBXContainerItemProxy section */
		B84DC0E91D5B5BED002BC517 /* PBXContainerItemProxy */ = {
			isa = PBXContainerItemProxy;
			containerPortal = B84DC0C91D5B5BED002BC517 /* Project object */;
			proxyType = 1;
			remoteGlobalIDString = B84DC0D01D5B5BED002BC517;
			remoteInfo = JFWeather;
		};
		B84DC0F41D5B5BED002BC517 /* PBXContainerItemProxy */ = {
			isa = PBXContainerItemProxy;
			containerPortal = B84DC0C91D5B5BED002BC517 /* Project object */;
			proxyType = 1;
			remoteGlobalIDString = B84DC0D01D5B5BED002BC517;
			remoteInfo = JFWeather;
		};
/* End PBXContainerItemProxy section */

/* Begin PBXFileReference section */
		B84DC0D11D5B5BED002BC517 /* JFWeather.app */ = {isa = PBXFileReference; explicitFileType = wrapper.application; includeInIndex = 0; path = JFWeather.app; sourceTree = BUILT_PRODUCTS_DIR; };
		B84DC0D41D5B5BED002BC517 /* AppDelegate.swift */ = {isa = PBXFileReference; lastKnownFileType = sourcecode.swift; path = AppDelegate.swift; sourceTree = "<group>"; };
		B84DC0D61D5B5BED002BC517 /* ViewController.swift */ = {isa = PBXFileReference; lastKnownFileType = sourcecode.swift; path = ViewController.swift; sourceTree = "<group>"; };
		B84DC0D91D5B5BED002BC517 /* Base */ = {isa = PBXFileReference; lastKnownFileType = file.storyboard; name = Base; path = Base.lproj/Main.storyboard; sourceTree = "<group>"; };
		B84DC0DC1D5B5BED002BC517 /* JFWeather.xcdatamodel */ = {isa = PBXFileReference; lastKnownFileType = wrapper.xcdatamodel; path = JFWeather.xcdatamodel; sourceTree = "<group>"; };
		B84DC0DE1D5B5BED002BC517 /* Assets.xcassets */ = {isa = PBXFileReference; lastKnownFileType = folder.assetcatalog; path = Assets.xcassets; sourceTree = "<group>"; };
		B84DC0E11D5B5BED002BC517 /* Base */ = {isa = PBXFileReference; lastKnownFileType = file.storyboard; name = Base; path = Base.lproj/LaunchScreen.storyboard; sourceTree = "<group>"; };
		B84DC0E31D5B5BED002BC517 /* Info.plist */ = {isa = PBXFileReference; lastKnownFileType = text.plist.xml; path = Info.plist; sourceTree = "<group>"; };
		B84DC0E81D5B5BED002BC517 /* JFWeatherTests.xctest */ = {isa = PBXFileReference; explicitFileType = wrapper.cfbundle; includeInIndex = 0; path = JFWeatherTests.xctest; sourceTree = BUILT_PRODUCTS_DIR; };
		B84DC0EC1D5B5BED002BC517 /* JFWeatherTests.swift */ = {isa = PBXFileReference; lastKnownFileType = sourcecode.swift; path = JFWeatherTests.swift; sourceTree = "<group>"; };
		B84DC0EE1D5B5BED002BC517 /* Info.plist */ = {isa = PBXFileReference; lastKnownFileType = text.plist.xml; path = Info.plist; sourceTree = "<group>"; };
		B84DC0F31D5B5BED002BC517 /* JFWeatherUITests.xctest */ = {isa = PBXFileReference; explicitFileType = wrapper.cfbundle; includeInIndex = 0; path = JFWeatherUITests.xctest; sourceTree = BUILT_PRODUCTS_DIR; };
		B84DC0F71D5B5BED002BC517 /* JFWeatherUITests.swift */ = {isa = PBXFileReference; lastKnownFileType = sourcecode.swift; path = JFWeatherUITests.swift; sourceTree = "<group>"; };
		B84DC0F91D5B5BED002BC517 /* Info.plist */ = {isa = PBXFileReference; lastKnownFileType = text.plist.xml; path = Info.plist; sourceTree = "<group>"; };
		B84DC1061D5B5F40002BC517 /* MainViewController.swift */ = {isa = PBXFileReference; fileEncoding = 4; lastKnownFileType = sourcecode.swift; path = MainViewController.swift; sourceTree = "<group>"; };
		B84DC1081D5B5F68002BC517 /* LeftTableViewController.swift */ = {isa = PBXFileReference; fileEncoding = 4; lastKnownFileType = sourcecode.swift; path = LeftTableViewController.swift; sourceTree = "<group>"; };
		B84DC10A1D5B5F95002BC517 /* RightTableViewController.swift */ = {isa = PBXFileReference; fileEncoding = 4; lastKnownFileType = sourcecode.swift; path = RightTableViewController.swift; sourceTree = "<group>"; };
		B89F2AAF1D62EC6600CD618D /* LeftTableViewCell.swift */ = {isa = PBXFileReference; fileEncoding = 4; lastKnownFileType = sourcecode.swift; path = LeftTableViewCell.swift; sourceTree = "<group>"; };
		B89F2AB01D62EC6600CD618D /* LeftTableViewCell.xib */ = {isa = PBXFileReference; fileEncoding = 4; lastKnownFileType = file.xib; path = LeftTableViewCell.xib; sourceTree = "<group>"; };
/* End PBXFileReference section */

/* Begin PBXFrameworksBuildPhase section */
		B84DC0CE1D5B5BED002BC517 /* Frameworks */ = {
			isa = PBXFrameworksBuildPhase;
			buildActionMask = 2147483647;
			files = (
			);
			runOnlyForDeploymentPostprocessing = 0;
		};
		B84DC0E51D5B5BED002BC517 /* Frameworks */ = {
			isa = PBXFrameworksBuildPhase;
			buildActionMask = 2147483647;
			files = (
			);
			runOnlyForDeploymentPostprocessing = 0;
		};
		B84DC0F01D5B5BED002BC517 /* Frameworks */ = {
			isa = PBXFrameworksBuildPhase;
			buildActionMask = 2147483647;
			files = (
			);
			runOnlyForDeploymentPostprocessing = 0;
		};
/* End PBXFrameworksBuildPhase section */

/* Begin PBXGroup section */
		B84DC0C81D5B5BED002BC517 = {
			isa = PBXGroup;
			children = (
				B84DC0D31D5B5BED002BC517 /* JFWeather */,
				B84DC0EB1D5B5BED002BC517 /* JFWeatherTests */,
				B84DC0F61D5B5BED002BC517 /* JFWeatherUITests */,
				B84DC0D21D5B5BED002BC517 /* Products */,
			);
			sourceTree = "<group>";
		};
		B84DC0D21D5B5BED002BC517 /* Products */ = {
			isa = PBXGroup;
			children = (
				B84DC0D11D5B5BED002BC517 /* JFWeather.app */,
				B84DC0E81D5B5BED002BC517 /* JFWeatherTests.xctest */,
				B84DC0F31D5B5BED002BC517 /* JFWeatherUITests.xctest */,
			);
			name = Products;
			sourceTree = "<group>";
		};
		B84DC0D31D5B5BED002BC517 /* JFWeather */ = {
			isa = PBXGroup;
			children = (
				B89F2AAE1D62EC1C00CD618D /* Cells */,
				B84DC1051D5B5F0A002BC517 /* Menu */,
				B84DC0D41D5B5BED002BC517 /* AppDelegate.swift */,
				B84DC0D61D5B5BED002BC517 /* ViewController.swift */,
				B84DC0D81D5B5BED002BC517 /* Main.storyboard */,
				B84DC0DE1D5B5BED002BC517 /* Assets.xcassets */,
				B84DC0E01D5B5BED002BC517 /* LaunchScreen.storyboard */,
				B84DC0E31D5B5BED002BC517 /* Info.plist */,
				B84DC0DB1D5B5BED002BC517 /* JFWeather.xcdatamodeld */,
			);
			path = JFWeather;
			sourceTree = "<group>";
		};
		B84DC0EB1D5B5BED002BC517 /* JFWeatherTests */ = {
			isa = PBXGroup;
			children = (
				B84DC0EC1D5B5BED002BC517 /* JFWeatherTests.swift */,
				B84DC0EE1D5B5BED002BC517 /* Info.plist */,
			);
			path = JFWeatherTests;
			sourceTree = "<group>";
		};
		B84DC0F61D5B5BED002BC517 /* JFWeatherUITests */ = {
			isa = PBXGroup;
			children = (
				B84DC0F71D5B5BED002BC517 /* JFWeatherUITests.swift */,
				B84DC0F91D5B5BED002BC517 /* Info.plist */,
			);
			path = JFWeatherUITests;
			sourceTree = "<group>";
		};
		B84DC1051D5B5F0A002BC517 /* Menu */ = {
			isa = PBXGroup;
			children = (
				B84DC1061D5B5F40002BC517 /* MainViewController.swift */,
				B84DC1081D5B5F68002BC517 /* LeftTableViewController.swift */,
				B84DC10A1D5B5F95002BC517 /* RightTableViewController.swift */,
			);
			name = Menu;
			sourceTree = "<group>";
		};
		B89F2AAE1D62EC1C00CD618D /* Cells */ = {
			isa = PBXGroup;
			children = (
				B89F2AAF1D62EC6600CD618D /* LeftTableViewCell.swift */,
				B89F2AB01D62EC6600CD618D /* LeftTableViewCell.xib */,
			);
			name = Cells;
			sourceTree = "<group>";
		};
/* End PBXGroup section */

/* Begin PBXNativeTarget section */
		B84DC0D01D5B5BED002BC517 /* JFWeather */ = {
			isa = PBXNativeTarget;
			buildConfigurationList = B84DC0FC1D5B5BED002BC517 /* Build configuration list for PBXNativeTarget "JFWeather" */;
			buildPhases = (
				B84DC0CD1D5B5BED002BC517 /* Sources */,
				B84DC0CE1D5B5BED002BC517 /* Frameworks */,
				B84DC0CF1D5B5BED002BC517 /* Resources */,
			);
			buildRules = (
			);
			dependencies = (
			);
			name = JFWeather;
			productName = JFWeather;
			productReference = B84DC0D11D5B5BED002BC517 /* JFWeather.app */;
			productType = "com.apple.product-type.application";
		};
		B84DC0E71D5B5BED002BC517 /* JFWeatherTests */ = {
			isa = PBXNativeTarget;
			buildConfigurationList = B84DC0FF1D5B5BED002BC517 /* Build configuration list for PBXNativeTarget "JFWeatherTests" */;
			buildPhases = (
				B84DC0E41D5B5BED002BC517 /* Sources */,
				B84DC0E51D5B5BED002BC517 /* Frameworks */,
				B84DC0E61D5B5BED002BC517 /* Resources */,
			);
			buildRules = (
			);
			dependencies = (
				B84DC0EA1D5B5BED002BC517 /* PBXTargetDependency */,
			);
			name = JFWeatherTests;
			productName = JFWeatherTests;
			productReference = B84DC0E81D5B5BED002BC517 /* JFWeatherTests.xctest */;
			productType = "com.apple.product-type.bundle.unit-test";
		};
		B84DC0F21D5B5BED002BC517 /* JFWeatherUITests */ = {
			isa = PBXNativeTarget;
			buildConfigurationList = B84DC1021D5B5BED002BC517 /* Build configuration list for PBXNativeTarget "JFWeatherUITests" */;
			buildPhases = (
				B84DC0EF1D5B5BED002BC517 /* Sources */,
				B84DC0F01D5B5BED002BC517 /* Frameworks */,
				B84DC0F11D5B5BED002BC517 /* Resources */,
			);
			buildRules = (
			);
			dependencies = (
				B84DC0F51D5B5BED002BC517 /* PBXTargetDependency */,
			);
			name = JFWeatherUITests;
			productName = JFWeatherUITests;
			productReference = B84DC0F31D5B5BED002BC517 /* JFWeatherUITests.xctest */;
			productType = "com.apple.product-type.bundle.ui-testing";
		};
/* End PBXNativeTarget section */

/* Begin PBXProject section */
		B84DC0C91D5B5BED002BC517 /* Project object */ = {
			isa = PBXProject;
			attributes = {
				LastSwiftUpdateCheck = 0730;
				LastUpgradeCheck = 0730;
				ORGANIZATIONNAME = yf;
				TargetAttributes = {
					B84DC0D01D5B5BED002BC517 = {
						CreatedOnToolsVersion = 7.3;
					};
					B84DC0E71D5B5BED002BC517 = {
						CreatedOnToolsVersion = 7.3;
						TestTargetID = B84DC0D01D5B5BED002BC517;
					};
					B84DC0F21D5B5BED002BC517 = {
						CreatedOnToolsVersion = 7.3;
						TestTargetID = B84DC0D01D5B5BED002BC517;
					};
				};
			};
			buildConfigurationList = B84DC0CC1D5B5BED002BC517 /* Build configuration list for PBXProject "JFWeather" */;
			compatibilityVersion = "Xcode 3.2";
			developmentRegion = English;
			hasScannedForEncodings = 0;
			knownRegions = (
				en,
				Base,
			);
			mainGroup = B84DC0C81D5B5BED002BC517;
			productRefGroup = B84DC0D21D5B5BED002BC517 /* Products */;
			projectDirPath = "";
			projectRoot = "";
			targets = (
				B84DC0D01D5B5BED002BC517 /* JFWeather */,
				B84DC0E71D5B5BED002BC517 /* JFWeatherTests */,
				B84DC0F21D5B5BED002BC517 /* JFWeatherUITests */,
			);
		};
/* End PBXProject section */

/* Begin PBXResourcesBuildPhase section */
		B84DC0CF1D5B5BED002BC517 /* Resources */ = {
			isa = PBXResourcesBuildPhase;
			buildActionMask = 2147483647;
			files = (
				B89F2AB21D62EC6600CD618D /* LeftTableViewCell.xib in Resources */,
				B84DC0E21D5B5BED002BC517 /* LaunchScreen.storyboard in Resources */,
				B84DC0DF1D5B5BED002BC517 /* Assets.xcassets in Resources */,
				B84DC0DA1D5B5BED002BC517 /* Main.storyboard in Resources */,
			);
			runOnlyForDeploymentPostprocessing = 0;
		};
		B84DC0E61D5B5BED002BC517 /* Resources */ = {
			isa = PBXResourcesBuildPhase;
			buildActionMask = 2147483647;
			files = (
			);
			runOnlyForDeploymentPostprocessing = 0;
		};
		B84DC0F11D5B5BED002BC517 /* Resources */ = {
			isa = PBXResourcesBuildPhase;
			buildActionMask = 2147483647;
			files = (
			);
			runOnlyForDeploymentPostprocessing = 0;
		};
/* End PBXResourcesBuildPhase section */

/* Begin PBXSourcesBuildPhase section */
		B84DC0CD1D5B5BED002BC517 /* Sources */ = {
			isa = PBXSourcesBuildPhase;
			buildActionMask = 2147483647;
			files = (
				B84DC10B1D5B5F95002BC517 /* RightTableViewController.swift in Sources */,
				B84DC1091D5B5F68002BC517 /* LeftTableViewController.swift in Sources */,
				B84DC0D71D5B5BED002BC517 /* ViewController.swift in Sources */,
				B84DC0DD1D5B5BED002BC517 /* JFWeather.xcdatamodeld in Sources */,
				B84DC0D51D5B5BED002BC517 /* AppDelegate.swift in Sources */,
				B89F2AB11D62EC6600CD618D /* LeftTableViewCell.swift in Sources */,
				B84DC1071D5B5F40002BC517 /* MainViewController.swift in Sources */,
			);
			runOnlyForDeploymentPostprocessing = 0;
		};
		B84DC0E41D5B5BED002BC517 /* Sources */ = {
			isa = PBXSourcesBuildPhase;
			buildActionMask = 2147483647;
			files = (
				B84DC0ED1D5B5BED002BC517 /* JFWeatherTests.swift in Sources */,
			);
			runOnlyForDeploymentPostprocessing = 0;
		};
		B84DC0EF1D5B5BED002BC517 /* Sources */ = {
			isa = PBXSourcesBuildPhase;
			buildActionMask = 2147483647;
			files = (
				B84DC0F81D5B5BED002BC517 /* JFWeatherUITests.swift in Sources */,
			);
			runOnlyForDeploymentPostprocessing = 0;
		};
/* End PBXSourcesBuildPhase section */

/* Begin PBXTargetDependency section */
		B84DC0EA1D5B5BED002BC517 /* PBXTargetDependency */ = {
			isa = PBXTargetDependency;
			target = B84DC0D01D5B5BED002BC517 /* JFWeather */;
			targetProxy = B84DC0E91D5B5BED002BC517 /* PBXContainerItemProxy */;
		};
		B84DC0F51D5B5BED002BC517 /* PBXTargetDependency */ = {
			isa = PBXTargetDependency;
			target = B84DC0D01D5B5BED002BC517 /* JFWeather */;
			targetProxy = B84DC0F41D5B5BED002BC517 /* PBXContainerItemProxy */;
		};
/* End PBXTargetDependency section */

/* Begin PBXVariantGroup section */
		B84DC0D81D5B5BED002BC517 /* Main.storyboard */ = {
			isa = PBXVariantGroup;
			children = (
				B84DC0D91D5B5BED002BC517 /* Base */,
			);
			name = Main.storyboard;
			sourceTree = "<group>";
		};
		B84DC0E01D5B5BED002BC517 /* LaunchScreen.storyboard */ = {
			isa = PBXVariantGroup;
			children = (
				B84DC0E11D5B5BED002BC517 /* Base */,
			);
			name = LaunchScreen.storyboard;
			sourceTree = "<group>";
		};
/* End PBXVariantGroup section */

/* Begin XCBuildConfiguration section */
		B84DC0FA1D5B5BED002BC517 /* Debug */ = {
			isa = XCBuildConfiguration;
			buildSettings = {
				ALWAYS_SEARCH_USER_PATHS = NO;
				CLANG_ANALYZER_NONNULL = YES;
				CLANG_CXX_LANGUAGE_STANDARD = "gnu++0x";
				CLANG_CXX_LIBRARY = "libc++";
				CLANG_ENABLE_MODULES = YES;
				CLANG_ENABLE_OBJC_ARC = YES;
				CLANG_WARN_BOOL_CONVERSION = YES;
				CLANG_WARN_CONSTANT_CONVERSION = YES;
				CLANG_WARN_DIRECT_OBJC_ISA_USAGE = YES_ERROR;
				CLANG_WARN_EMPTY_BODY = YES;
				CLANG_WARN_ENUM_CONVERSION = YES;
				CLANG_WARN_INT_CONVERSION = YES;
				CLANG_WARN_OBJC_ROOT_CLASS = YES_ERROR;
				CLANG_WARN_UNREACHABLE_CODE = YES;
				CLANG_WARN__DUPLICATE_METHOD_MATCH = YES;
				"CODE_SIGN_IDENTITY[sdk=iphoneos*]" = "iPhone Developer";
				COPY_PHASE_STRIP = NO;
				DEBUG_INFORMATION_FORMAT = dwarf;
				ENABLE_STRICT_OBJC_MSGSEND = YES;
				ENABLE_TESTABILITY = YES;
				GCC_C_LANGUAGE_STANDARD = gnu99;
				GCC_DYNAMIC_NO_PIC = NO;
				GCC_NO_COMMON_BLOCKS = YES;
				GCC_OPTIMIZATION_LEVEL = 0;
				GCC_PREPROCESSOR_DEFINITIONS = (
					"DEBUG=1",
					"$(inherited)",
				);
				GCC_WARN_64_TO_32_BIT_CONVERSION = YES;
				GCC_WARN_ABOUT_RETURN_TYPE = YES_ERROR;
				GCC_WARN_UNDECLARED_SELECTOR = YES;
				GCC_WARN_UNINITIALIZED_AUTOS = YES_AGGRESSIVE;
				GCC_WARN_UNUSED_FUNCTION = YES;
				GCC_WARN_UNUSED_VARIABLE = YES;
				IPHONEOS_DEPLOYMENT_TARGET = 9.3;
				MTL_ENABLE_DEBUG_INFO = YES;
				ONLY_ACTIVE_ARCH = YES;
				SDKROOT = iphoneos;
				SWIFT_OPTIMIZATION_LEVEL = "-Onone";
			};
			name = Debug;
		};
		B84DC0FB1D5B5BED002BC517 /* Release */ = {
			isa = XCBuildConfiguration;
			buildSettings = {
				ALWAYS_SEARCH_USER_PATHS = NO;
				CLANG_ANALYZER_NONNULL = YES;
				CLANG_CXX_LANGUAGE_STANDARD = "gnu++0x";
				CLANG_CXX_LIBRARY = "libc++";
				CLANG_ENABLE_MODULES = YES;
				CLANG_ENABLE_OBJC_ARC = YES;
				CLANG_WARN_BOOL_CONVERSION = YES;
				CLANG_WARN_CONSTANT_CONVERSION = YES;
				CLANG_WARN_DIRECT_OBJC_ISA_USAGE = YES_ERROR;
				CLANG_WARN_EMPTY_BODY = YES;
				CLANG_WARN_ENUM_CONVERSION = YES;
				CLANG_WARN_INT_CONVERSION = YES;
				CLANG_WARN_OBJC_ROOT_CLASS = YES_ERROR;
				CLANG_WARN_UNREACHABLE_CODE = YES;
				CLANG_WARN__DUPLICATE_METHOD_MATCH = YES;
				"CODE_SIGN_IDENTITY[sdk=iphoneos*]" = "iPhone Developer";
				COPY_PHASE_STRIP = NO;
				DEBUG_INFORMATION_FORMAT = "dwarf-with-dsym";
				ENABLE_NS_ASSERTIONS = NO;
				ENABLE_STRICT_OBJC_MSGSEND = YES;
				GCC_C_LANGUAGE_STANDARD = gnu99;
				GCC_NO_COMMON_BLOCKS = YES;
				GCC_WARN_64_TO_32_BIT_CONVERSION = YES;
				GCC_WARN_ABOUT_RETURN_TYPE = YES_ERROR;
				GCC_WARN_UNDECLARED_SELECTOR = YES;
				GCC_WARN_UNINITIALIZED_AUTOS = YES_AGGRESSIVE;
				GCC_WARN_UNUSED_FUNCTION = YES;
				GCC_WARN_UNUSED_VARIABLE = YES;
				IPHONEOS_DEPLOYMENT_TARGET = 9.3;
				MTL_ENABLE_DEBUG_INFO = NO;
				SDKROOT = iphoneos;
				VALIDATE_PRODUCT = YES;
			};
			name = Release;
		};
		B84DC0FD1D5B5BED002BC517 /* Debug */ = {
			isa = XCBuildConfiguration;
			buildSettings = {
				ASSETCATALOG_COMPILER_APPICON_NAME = AppIcon;
				INFOPLIST_FILE = JFWeather/Info.plist;
				LD_RUNPATH_SEARCH_PATHS = "$(inherited) @executable_path/Frameworks";
				PRODUCT_BUNDLE_IDENTIFIER = yf.JFWeather;
				PRODUCT_NAME = "$(TARGET_NAME)";
			};
			name = Debug;
		};
		B84DC0FE1D5B5BED002BC517 /* Release */ = {
			isa = XCBuildConfiguration;
			buildSettings = {
				ASSETCATALOG_COMPILER_APPICON_NAME = AppIcon;
				INFOPLIST_FILE = JFWeather/Info.plist;
				LD_RUNPATH_SEARCH_PATHS = "$(inherited) @executable_path/Frameworks";
				PRODUCT_BUNDLE_IDENTIFIER = yf.JFWeather;
				PRODUCT_NAME = "$(TARGET_NAME)";
			};
			name = Release;
		};
		B84DC1001D5B5BED002BC517 /* Debug */ = {
			isa = XCBuildConfiguration;
			buildSettings = {
				BUNDLE_LOADER = "$(TEST_HOST)";
				INFOPLIST_FILE = JFWeatherTests/Info.plist;
				LD_RUNPATH_SEARCH_PATHS = "$(inherited) @executable_path/Frameworks @loader_path/Frameworks";
				PRODUCT_BUNDLE_IDENTIFIER = yf.JFWeatherTests;
				PRODUCT_NAME = "$(TARGET_NAME)";
				TEST_HOST = "$(BUILT_PRODUCTS_DIR)/JFWeather.app/JFWeather";
			};
			name = Debug;
		};
		B84DC1011D5B5BED002BC517 /* Release */ = {
			isa = XCBuildConfiguration;
			buildSettings = {
				BUNDLE_LOADER = "$(TEST_HOST)";
				INFOPLIST_FILE = JFWeatherTests/Info.plist;
				LD_RUNPATH_SEARCH_PATHS = "$(inherited) @executable_path/Frameworks @loader_path/Frameworks";
				PRODUCT_BUNDLE_IDENTIFIER = yf.JFWeatherTests;
				PRODUCT_NAME = "$(TARGET_NAME)";
				TEST_HOST = "$(BUILT_PRODUCTS_DIR)/JFWeather.app/JFWeather";
			};
			name = Release;
		};
		B84DC1031D5B5BED002BC517 /* Debug */ = {
			isa = XCBuildConfiguration;
			buildSettings = {
				INFOPLIST_FILE = JFWeatherUITests/Info.plist;
				LD_RUNPATH_SEARCH_PATHS = "$(inherited) @executable_path/Frameworks @loader_path/Frameworks";
				PRODUCT_BUNDLE_IDENTIFIER = yf.JFWeatherUITests;
				PRODUCT_NAME = "$(TARGET_NAME)";
				TEST_TARGET_NAME = JFWeather;
			};
			name = Debug;
		};
		B84DC1041D5B5BED002BC517 /* Release */ = {
			isa = XCBuildConfiguration;
			buildSettings = {
				INFOPLIST_FILE = JFWeatherUITests/Info.plist;
				LD_RUNPATH_SEARCH_PATHS = "$(inherited) @executable_path/Frameworks @loader_path/Frameworks";
				PRODUCT_BUNDLE_IDENTIFIER = yf.JFWeatherUITests;
				PRODUCT_NAME = "$(TARGET_NAME)";
				TEST_TARGET_NAME = JFWeather;
			};
			name = Release;
		};
/* End XCBuildConfiguration section */

/* Begin XCConfigurationList section */
		B84DC0CC1D5B5BED002BC517 /* Build configuration list for PBXProject "JFWeather" */ = {
			isa = XCConfigurationList;
			buildConfigurations = (
				B84DC0FA1D5B5BED002BC517 /* Debug */,
				B84DC0FB1D5B5BED002BC517 /* Release */,
			);
			defaultConfigurationIsVisible = 0;
			defaultConfigurationName = Release;
		};
		B84DC0FC1D5B5BED002BC517 /* Build configuration list for PBXNativeTarget "JFWeather" */ = {
			isa = XCConfigurationList;
			buildConfigurations = (
				B84DC0FD1D5B5BED002BC517 /* Debug */,
				B84DC0FE1D5B5BED002BC517 /* Release */,
			);
			defaultConfigurationIsVisible = 0;
			defaultConfigurationName = Release;
		};
		B84DC0FF1D5B5BED002BC517 /* Build configuration list for PBXNativeTarget "JFWeatherTests" */ = {
			isa = XCConfigurationList;
			buildConfigurations = (
				B84DC1001D5B5BED002BC517 /* Debug */,
				B84DC1011D5B5BED002BC517 /* Release */,
			);
			defaultConfigurationIsVisible = 0;
			defaultConfigurationName = Release;
		};
		B84DC1021D5B5BED002BC517 /* Build configuration list for PBXNativeTarget "JFWeatherUITests" */ = {
			isa = XCConfigurationList;
			buildConfigurations = (
				B84DC1031D5B5BED002BC517 /* Debug */,
				B84DC1041D5B5BED002BC517 /* Release */,
			);
			defaultConfigurationIsVisible = 0;
			defaultConfigurationName = Release;
		};
/* End XCConfigurationList section */

/* Begin XCVersionGroup section */
		B84DC0DB1D5B5BED002BC517 /* JFWeather.xcdatamodeld */ = {
			isa = XCVersionGroup;
			children = (
				B84DC0DC1D5B5BED002BC517 /* JFWeather.xcdatamodel */,
			);
			currentVersion = B84DC0DC1D5B5BED002BC517 /* JFWeather.xcdatamodel */;
			path = JFWeather.xcdatamodeld;
			sourceTree = "<group>";
			versionGroupType = wrapper.xcdatamodel;
		};
/* End XCVersionGroup section */
	};
	rootObject = B84DC0C91D5B5BED002BC517 /* Project object */;
}
