// !$*UTF8*$!
{
	archiveVersion = 1;
	classes = {
	};
	objectVersion = 46;
	objects = {

/* Begin PBXBuildFile section */
		6DFF7A9F11A4106BC4DC806D /* libPods.a in Frameworks */ = {isa = PBXBuildFile; fileRef = BD0DB8FA84E90C162B13CDDD /* libPods.a */; };
		B8337FD81D6AD4D400D3C427 /* AddNewCityTableViewController.swift in Sources */ = {isa = PBXBuildFile; fileRef = B8337FD71D6AD4D400D3C427 /* AddNewCityTableViewController.swift */; };
		B8337FDA1D6AD93A00D3C427 /* default-city.plist in Resources */ = {isa = PBXBuildFile; fileRef = B8337FD91D6AD93A00D3C427 /* default-city.plist */; };
		B84DC0D51D5B5BED002BC517 /* AppDelegate.swift in Sources */ = {isa = PBXBuildFile; fileRef = B84DC0D41D5B5BED002BC517 /* AppDelegate.swift */; };
		B84DC0D71D5B5BED002BC517 /* ViewController.swift in Sources */ = {isa = PBXBuildFile; fileRef = B84DC0D61D5B5BED002BC517 /* ViewController.swift */; };
		B84DC0DA1D5B5BED002BC517 /* Main.storyboard in Resources */ = {isa = PBXBuildFile; fileRef = B84DC0D81D5B5BED002BC517 /* Main.storyboard */; };
		B84DC0DD1D5B5BED002BC517 /* JFWeather.xcdatamodeld in Sources */ = {isa = PBXBuildFile; fileRef = B84DC0DB1D5B5BED002BC517 /* JFWeather.xcdatamodeld */; };
		B84DC0DF1D5B5BED002BC517 /* Assets.xcassets in Resources */ = {isa = PBXBuildFile; fileRef = B84DC0DE1D5B5BED002BC517 /* Assets.xcassets */; };
		B84DC0E21D5B5BED002BC517 /* LaunchScreen.storyboard in Resources */ = {isa = PBXBuildFile; fileRef = B84DC0E01D5B5BED002BC517 /* LaunchScreen.storyboard */; };
		B84DC0ED1D5B5BED002BC517 /* JFWeatherTests.swift in Sources */ = {isa = PBXBuildFile; fileRef = B84DC0EC1D5B5BED002BC517 /* JFWeatherTests.swift */; };
		B84DC0F81D5B5BED002BC517 /* JFWeatherUITests.swift in Sources */ = {isa = PBXBuildFile; fileRef = B84DC0F71D5B5BED002BC517 /* JFWeatherUITests.swift */; };
		B84DC1071D5B5F40002BC517 /* MainViewController.swift in Sources */ = {isa = PBXBuildFile; fileRef = B84DC1061D5B5F40002BC517 /* MainViewController.swift */; };
		B84DC1091D5B5F68002BC517 /* LeftTableViewController.swift in Sources */ = {isa = PBXBuildFile; fileRef = B84DC1081D5B5F68002BC517 /* LeftTableViewController.swift */; };
		B84DC10B1D5B5F95002BC517 /* RightTableViewController.swift in Sources */ = {isa = PBXBuildFile; fileRef = B84DC10A1D5B5F95002BC517 /* RightTableViewController.swift */; };
		B89B14E81D699AE90021C973 /* weatherMessage.plist in Resources */ = {isa = PBXBuildFile; fileRef = B89B14E71D699AE90021C973 /* weatherMessage.plist */; };
		B89F2AB11D62EC6600CD618D /* LeftTableViewCell.swift in Sources */ = {isa = PBXBuildFile; fileRef = B89F2AAF1D62EC6600CD618D /* LeftTableViewCell.swift */; };
		B89F2AB21D62EC6600CD618D /* LeftTableViewCell.xib in Resources */ = {isa = PBXBuildFile; fileRef = B89F2AB01D62EC6600CD618D /* LeftTableViewCell.xib */; };
		B8AAFDBA1D6837FF009DA4FB /* MainTableViewCell.swift in Sources */ = {isa = PBXBuildFile; fileRef = B8AAFDB81D6837FF009DA4FB /* MainTableViewCell.swift */; };
		B8AAFDBB1D6837FF009DA4FB /* MainTableViewCell.xib in Resources */ = {isa = PBXBuildFile; fileRef = B8AAFDB91D6837FF009DA4FB /* MainTableViewCell.xib */; };
		B8AAFDBD1D688A79009DA4FB /* weatherImage.plist in Resources */ = {isa = PBXBuildFile; fileRef = B8AAFDBC1D688A79009DA4FB /* weatherImage.plist */; };
		B8BCF0551D66D2BD00BF46A4 /* weatherBG.plist in Resources */ = {isa = PBXBuildFile; fileRef = B8BCF0541D66D2BD00BF46A4 /* weatherBG.plist */; };
		B8BCF05A1D66E09E00BF46A4 /* WeatherInfo.swift in Sources */ = {isa = PBXBuildFile; fileRef = B8BCF0591D66E09E00BF46A4 /* WeatherInfo.swift */; };
		B8BCF0891D670FAD00BF46A4 /* MJRefreshAutoFooter.m in Sources */ = {isa = PBXBuildFile; fileRef = B8BCF05F1D670FAD00BF46A4 /* MJRefreshAutoFooter.m */; };
		B8BCF08A1D670FAD00BF46A4 /* MJRefreshBackFooter.m in Sources */ = {isa = PBXBuildFile; fileRef = B8BCF0611D670FAD00BF46A4 /* MJRefreshBackFooter.m */; };
		B8BCF08B1D670FAD00BF46A4 /* MJRefreshComponent.m in Sources */ = {isa = PBXBuildFile; fileRef = B8BCF0631D670FAD00BF46A4 /* MJRefreshComponent.m */; };
		B8BCF08C1D670FAD00BF46A4 /* MJRefreshFooter.m in Sources */ = {isa = PBXBuildFile; fileRef = B8BCF0651D670FAD00BF46A4 /* MJRefreshFooter.m */; };
		B8BCF08D1D670FAD00BF46A4 /* MJRefreshHeader.m in Sources */ = {isa = PBXBuildFile; fileRef = B8BCF0671D670FAD00BF46A4 /* MJRefreshHeader.m */; };
		B8BCF08E1D670FAD00BF46A4 /* MJRefreshAutoGifFooter.m in Sources */ = {isa = PBXBuildFile; fileRef = B8BCF06C1D670FAD00BF46A4 /* MJRefreshAutoGifFooter.m */; };
		B8BCF08F1D670FAD00BF46A4 /* MJRefreshAutoNormalFooter.m in Sources */ = {isa = PBXBuildFile; fileRef = B8BCF06E1D670FAD00BF46A4 /* MJRefreshAutoNormalFooter.m */; };
		B8BCF0901D670FAD00BF46A4 /* MJRefreshAutoStateFooter.m in Sources */ = {isa = PBXBuildFile; fileRef = B8BCF0701D670FAD00BF46A4 /* MJRefreshAutoStateFooter.m */; };
		B8BCF0911D670FAD00BF46A4 /* MJRefreshBackGifFooter.m in Sources */ = {isa = PBXBuildFile; fileRef = B8BCF0731D670FAD00BF46A4 /* MJRefreshBackGifFooter.m */; };
		B8BCF0921D670FAD00BF46A4 /* MJRefreshBackNormalFooter.m in Sources */ = {isa = PBXBuildFile; fileRef = B8BCF0751D670FAD00BF46A4 /* MJRefreshBackNormalFooter.m */; };
		B8BCF0931D670FAD00BF46A4 /* MJRefreshBackStateFooter.m in Sources */ = {isa = PBXBuildFile; fileRef = B8BCF0771D670FAD00BF46A4 /* MJRefreshBackStateFooter.m */; };
		B8BCF0941D670FAD00BF46A4 /* MJRefreshGifHeader.m in Sources */ = {isa = PBXBuildFile; fileRef = B8BCF07A1D670FAD00BF46A4 /* MJRefreshGifHeader.m */; };
		B8BCF0951D670FAD00BF46A4 /* MJRefreshNormalHeader.m in Sources */ = {isa = PBXBuildFile; fileRef = B8BCF07C1D670FAD00BF46A4 /* MJRefreshNormalHeader.m */; };
		B8BCF0961D670FAD00BF46A4 /* MJRefreshStateHeader.m in Sources */ = {isa = PBXBuildFile; fileRef = B8BCF07E1D670FAD00BF46A4 /* MJRefreshStateHeader.m */; };
		B8BCF0971D670FAD00BF46A4 /* MJRefresh.bundle in Resources */ = {isa = PBXBuildFile; fileRef = B8BCF07F1D670FAD00BF46A4 /* MJRefresh.bundle */; };
		B8BCF0981D670FAD00BF46A4 /* MJRefreshConst.m in Sources */ = {isa = PBXBuildFile; fileRef = B8BCF0821D670FAD00BF46A4 /* MJRefreshConst.m */; };
		B8BCF0991D670FAD00BF46A4 /* UIScrollView+MJExtension.m in Sources */ = {isa = PBXBuildFile; fileRef = B8BCF0841D670FAD00BF46A4 /* UIScrollView+MJExtension.m */; };
		B8BCF09A1D670FAD00BF46A4 /* UIScrollView+MJRefresh.m in Sources */ = {isa = PBXBuildFile; fileRef = B8BCF0861D670FAD00BF46A4 /* UIScrollView+MJRefresh.m */; };
		B8BCF09B1D670FAD00BF46A4 /* UIView+MJExtension.m in Sources */ = {isa = PBXBuildFile; fileRef = B8BCF0881D670FAD00BF46A4 /* UIView+MJExtension.m */; };
		B8DAB5BC1D660E1900235006 /* Tool.swift in Sources */ = {isa = PBXBuildFile; fileRef = B8DAB5BB1D660E1900235006 /* Tool.swift */; };
		B8F10D8B1D64599B003FA712 /* RightTableViewCell.swift in Sources */ = {isa = PBXBuildFile; fileRef = B8F10D891D64599B003FA712 /* RightTableViewCell.swift */; };
		B8F10D8C1D64599B003FA712 /* RightTableViewCell.xib in Resources */ = {isa = PBXBuildFile; fileRef = B8F10D8A1D64599B003FA712 /* RightTableViewCell.xib */; };
		B8F10D8E1D64655E003FA712 /* Helper.swift in Sources */ = {isa = PBXBuildFile; fileRef = B8F10D8D1D64655E003FA712 /* Helper.swift */; };
/* End PBXBuildFile section */

/* Begin PBXContainerItemProxy section */
		B84DC0E91D5B5BED002BC517 /* PBXContainerItemProxy */ = {
			isa = PBXContainerItemProxy;
			containerPortal = B84DC0C91D5B5BED002BC517 /* Project object */;
			proxyType = 1;
			remoteGlobalIDString = B84DC0D01D5B5BED002BC517;
			remoteInfo = JFWeather;
		};
		B84DC0F41D5B5BED002BC517 /* PBXContainerItemProxy */ = {
			isa = PBXContainerItemProxy;
			containerPortal = B84DC0C91D5B5BED002BC517 /* Project object */;
			proxyType = 1;
			remoteGlobalIDString = B84DC0D01D5B5BED002BC517;
			remoteInfo = JFWeather;
		};
/* End PBXContainerItemProxy section */

/* Begin PBXFileReference section */
		A0A535C53152D3CE6BAE049E /* Pods.release.xcconfig */ = {isa = PBXFileReference; includeInIndex = 1; lastKnownFileType = text.xcconfig; name = Pods.release.xcconfig; path = "Pods/Target Support Files/Pods/Pods.release.xcconfig"; sourceTree = "<group>"; };
		AF872D10D5771EE55D34D01A /* Pods.debug.xcconfig */ = {isa = PBXFileReference; includeInIndex = 1; lastKnownFileType = text.xcconfig; name = Pods.debug.xcconfig; path = "Pods/Target Support Files/Pods/Pods.debug.xcconfig"; sourceTree = "<group>"; };
		B8337FD71D6AD4D400D3C427 /* AddNewCityTableViewController.swift */ = {isa = PBXFileReference; fileEncoding = 4; lastKnownFileType = sourcecode.swift; path = AddNewCityTableViewController.swift; sourceTree = "<group>"; };
		B8337FD91D6AD93A00D3C427 /* default-city.plist */ = {isa = PBXFileReference; lastKnownFileType = file.bplist; path = "default-city.plist"; sourceTree = "<group>"; };
		B84DC0D11D5B5BED002BC517 /* JFWeather.app */ = {isa = PBXFileReference; explicitFileType = wrapper.application; includeInIndex = 0; path = JFWeather.app; sourceTree = BUILT_PRODUCTS_DIR; };
		B84DC0D41D5B5BED002BC517 /* AppDelegate.swift */ = {isa = PBXFileReference; lastKnownFileType = sourcecode.swift; path = AppDelegate.swift; sourceTree = "<group>"; };
		B84DC0D61D5B5BED002BC517 /* ViewController.swift */ = {isa = PBXFileReference; lastKnownFileType = sourcecode.swift; path = ViewController.swift; sourceTree = "<group>"; };
		B84DC0D91D5B5BED002BC517 /* Base */ = {isa = PBXFileReference; lastKnownFileType = file.storyboard; name = Base; path = Base.lproj/Main.storyboard; sourceTree = "<group>"; };
		B84DC0DC1D5B5BED002BC517 /* JFWeather.xcdatamodel */ = {isa = PBXFileReference; lastKnownFileType = wrapper.xcdatamodel; path = JFWeather.xcdatamodel; sourceTree = "<group>"; };
		B84DC0DE1D5B5BED002BC517 /* Assets.xcassets */ = {isa = PBXFileReference; lastKnownFileType = folder.assetcatalog; path = Assets.xcassets; sourceTree = "<group>"; };
		B84DC0E11D5B5BED002BC517 /* Base */ = {isa = PBXFileReference; lastKnownFileType = file.storyboard; name = Base; path = Base.lproj/LaunchScreen.storyboard; sourceTree = "<group>"; };
		B84DC0E31D5B5BED002BC517 /* Info.plist */ = {isa = PBXFileReference; lastKnownFileType = text.plist.xml; path = Info.plist; sourceTree = "<group>"; };
		B84DC0E81D5B5BED002BC517 /* JFWeatherTests.xctest */ = {isa = PBXFileReference; explicitFileType = wrapper.cfbundle; includeInIndex = 0; path = JFWeatherTests.xctest; sourceTree = BUILT_PRODUCTS_DIR; };
		B84DC0EC1D5B5BED002BC517 /* JFWeatherTests.swift */ = {isa = PBXFileReference; lastKnownFileType = sourcecode.swift; path = JFWeatherTests.swift; sourceTree = "<group>"; };
		B84DC0EE1D5B5BED002BC517 /* Info.plist */ = {isa = PBXFileReference; lastKnownFileType = text.plist.xml; path = Info.plist; sourceTree = "<group>"; };
		B84DC0F31D5B5BED002BC517 /* JFWeatherUITests.xctest */ = {isa = PBXFileReference; explicitFileType = wrapper.cfbundle; includeInIndex = 0; path = JFWeatherUITests.xctest; sourceTree = BUILT_PRODUCTS_DIR; };
		B84DC0F71D5B5BED002BC517 /* JFWeatherUITests.swift */ = {isa = PBXFileReference; lastKnownFileType = sourcecode.swift; path = JFWeatherUITests.swift; sourceTree = "<group>"; };
		B84DC0F91D5B5BED002BC517 /* Info.plist */ = {isa = PBXFileReference; lastKnownFileType = text.plist.xml; path = Info.plist; sourceTree = "<group>"; };
		B84DC1061D5B5F40002BC517 /* MainViewController.swift */ = {isa = PBXFileReference; fileEncoding = 4; lastKnownFileType = sourcecode.swift; path = MainViewController.swift; sourceTree = "<group>"; };
		B84DC1081D5B5F68002BC517 /* LeftTableViewController.swift */ = {isa = PBXFileReference; fileEncoding = 4; lastKnownFileType = sourcecode.swift; path = LeftTableViewController.swift; sourceTree = "<group>"; };
		B84DC10A1D5B5F95002BC517 /* RightTableViewController.swift */ = {isa = PBXFileReference; fileEncoding = 4; lastKnownFileType = sourcecode.swift; path = RightTableViewController.swift; sourceTree = "<group>"; };
		B89B14E71D699AE90021C973 /* weatherMessage.plist */ = {isa = PBXFileReference; fileEncoding = 4; lastKnownFileType = text.plist.xml; path = weatherMessage.plist; sourceTree = "<group>"; };
		B89F2AAF1D62EC6600CD618D /* LeftTableViewCell.swift */ = {isa = PBXFileReference; fileEncoding = 4; lastKnownFileType = sourcecode.swift; path = LeftTableViewCell.swift; sourceTree = "<group>"; };
		B89F2AB01D62EC6600CD618D /* LeftTableViewCell.xib */ = {isa = PBXFileReference; fileEncoding = 4; lastKnownFileType = file.xib; path = LeftTableViewCell.xib; sourceTree = "<group>"; };
		B8AAFDB81D6837FF009DA4FB /* MainTableViewCell.swift */ = {isa = PBXFileReference; fileEncoding = 4; lastKnownFileType = sourcecode.swift; path = MainTableViewCell.swift; sourceTree = "<group>"; };
		B8AAFDB91D6837FF009DA4FB /* MainTableViewCell.xib */ = {isa = PBXFileReference; fileEncoding = 4; lastKnownFileType = file.xib; path = MainTableViewCell.xib; sourceTree = "<group>"; };
		B8AAFDBC1D688A79009DA4FB /* weatherImage.plist */ = {isa = PBXFileReference; fileEncoding = 4; lastKnownFileType = text.plist.xml; path = weatherImage.plist; sourceTree = "<group>"; };
		B8BCF0541D66D2BD00BF46A4 /* weatherBG.plist */ = {isa = PBXFileReference; fileEncoding = 4; lastKnownFileType = text.plist.xml; path = weatherBG.plist; sourceTree = "<group>"; };
		B8BCF0591D66E09E00BF46A4 /* WeatherInfo.swift */ = {isa = PBXFileReference; fileEncoding = 4; lastKnownFileType = sourcecode.swift; path = WeatherInfo.swift; sourceTree = "<group>"; };
		B8BCF05E1D670FAD00BF46A4 /* MJRefreshAutoFooter.h */ = {isa = PBXFileReference; fileEncoding = 4; lastKnownFileType = sourcecode.c.h; path = MJRefreshAutoFooter.h; sourceTree = "<group>"; };
		B8BCF05F1D670FAD00BF46A4 /* MJRefreshAutoFooter.m */ = {isa = PBXFileReference; fileEncoding = 4; lastKnownFileType = sourcecode.c.objc; path = MJRefreshAutoFooter.m; sourceTree = "<group>"; };
		B8BCF0601D670FAD00BF46A4 /* MJRefreshBackFooter.h */ = {isa = PBXFileReference; fileEncoding = 4; lastKnownFileType = sourcecode.c.h; path = MJRefreshBackFooter.h; sourceTree = "<group>"; };
		B8BCF0611D670FAD00BF46A4 /* MJRefreshBackFooter.m */ = {isa = PBXFileReference; fileEncoding = 4; lastKnownFileType = sourcecode.c.objc; path = MJRefreshBackFooter.m; sourceTree = "<group>"; };
		B8BCF0621D670FAD00BF46A4 /* MJRefreshComponent.h */ = {isa = PBXFileReference; fileEncoding = 4; lastKnownFileType = sourcecode.c.h; path = MJRefreshComponent.h; sourceTree = "<group>"; };
		B8BCF0631D670FAD00BF46A4 /* MJRefreshComponent.m */ = {isa = PBXFileReference; fileEncoding = 4; lastKnownFileType = sourcecode.c.objc; path = MJRefreshComponent.m; sourceTree = "<group>"; };
		B8BCF0641D670FAD00BF46A4 /* MJRefreshFooter.h */ = {isa = PBXFileReference; fileEncoding = 4; lastKnownFileType = sourcecode.c.h; path = MJRefreshFooter.h; sourceTree = "<group>"; };
		B8BCF0651D670FAD00BF46A4 /* MJRefreshFooter.m */ = {isa = PBXFileReference; fileEncoding = 4; lastKnownFileType = sourcecode.c.objc; path = MJRefreshFooter.m; sourceTree = "<group>"; };
		B8BCF0661D670FAD00BF46A4 /* MJRefreshHeader.h */ = {isa = PBXFileReference; fileEncoding = 4; lastKnownFileType = sourcecode.c.h; path = MJRefreshHeader.h; sourceTree = "<group>"; };
		B8BCF0671D670FAD00BF46A4 /* MJRefreshHeader.m */ = {isa = PBXFileReference; fileEncoding = 4; lastKnownFileType = sourcecode.c.objc; path = MJRefreshHeader.m; sourceTree = "<group>"; };
		B8BCF06B1D670FAD00BF46A4 /* MJRefreshAutoGifFooter.h */ = {isa = PBXFileReference; fileEncoding = 4; lastKnownFileType = sourcecode.c.h; path = MJRefreshAutoGifFooter.h; sourceTree = "<group>"; };
		B8BCF06C1D670FAD00BF46A4 /* MJRefreshAutoGifFooter.m */ = {isa = PBXFileReference; fileEncoding = 4; lastKnownFileType = sourcecode.c.objc; path = MJRefreshAutoGifFooter.m; sourceTree = "<group>"; };
		B8BCF06D1D670FAD00BF46A4 /* MJRefreshAutoNormalFooter.h */ = {isa = PBXFileReference; fileEncoding = 4; lastKnownFileType = sourcecode.c.h; path = MJRefreshAutoNormalFooter.h; sourceTree = "<group>"; };
		B8BCF06E1D670FAD00BF46A4 /* MJRefreshAutoNormalFooter.m */ = {isa = PBXFileReference; fileEncoding = 4; lastKnownFileType = sourcecode.c.objc; path = MJRefreshAutoNormalFooter.m; sourceTree = "<group>"; };
		B8BCF06F1D670FAD00BF46A4 /* MJRefreshAutoStateFooter.h */ = {isa = PBXFileReference; fileEncoding = 4; lastKnownFileType = sourcecode.c.h; path = MJRefreshAutoStateFooter.h; sourceTree = "<group>"; };
		B8BCF0701D670FAD00BF46A4 /* MJRefreshAutoStateFooter.m */ = {isa = PBXFileReference; fileEncoding = 4; lastKnownFileType = sourcecode.c.objc; path = MJRefreshAutoStateFooter.m; sourceTree = "<group>"; };
		B8BCF0721D670FAD00BF46A4 /* MJRefreshBackGifFooter.h */ = {isa = PBXFileReference; fileEncoding = 4; lastKnownFileType = sourcecode.c.h; path = MJRefreshBackGifFooter.h; sourceTree = "<group>"; };
		B8BCF0731D670FAD00BF46A4 /* MJRefreshBackGifFooter.m */ = {isa = PBXFileReference; fileEncoding = 4; lastKnownFileType = sourcecode.c.objc; path = MJRefreshBackGifFooter.m; sourceTree = "<group>"; };
		B8BCF0741D670FAD00BF46A4 /* MJRefreshBackNormalFooter.h */ = {isa = PBXFileReference; fileEncoding = 4; lastKnownFileType = sourcecode.c.h; path = MJRefreshBackNormalFooter.h; sourceTree = "<group>"; };
		B8BCF0751D670FAD00BF46A4 /* MJRefreshBackNormalFooter.m */ = {isa = PBXFileReference; fileEncoding = 4; lastKnownFileType = sourcecode.c.objc; path = MJRefreshBackNormalFooter.m; sourceTree = "<group>"; };
		B8BCF0761D670FAD00BF46A4 /* MJRefreshBackStateFooter.h */ = {isa = PBXFileReference; fileEncoding = 4; lastKnownFileType = sourcecode.c.h; path = MJRefreshBackStateFooter.h; sourceTree = "<group>"; };
		B8BCF0771D670FAD00BF46A4 /* MJRefreshBackStateFooter.m */ = {isa = PBXFileReference; fileEncoding = 4; lastKnownFileType = sourcecode.c.objc; path = MJRefreshBackStateFooter.m; sourceTree = "<group>"; };
		B8BCF0791D670FAD00BF46A4 /* MJRefreshGifHeader.h */ = {isa = PBXFileReference; fileEncoding = 4; lastKnownFileType = sourcecode.c.h; path = MJRefreshGifHeader.h; sourceTree = "<group>"; };
		B8BCF07A1D670FAD00BF46A4 /* MJRefreshGifHeader.m */ = {isa = PBXFileReference; fileEncoding = 4; lastKnownFileType = sourcecode.c.objc; path = MJRefreshGifHeader.m; sourceTree = "<group>"; };
		B8BCF07B1D670FAD00BF46A4 /* MJRefreshNormalHeader.h */ = {isa = PBXFileReference; fileEncoding = 4; lastKnownFileType = sourcecode.c.h; path = MJRefreshNormalHeader.h; sourceTree = "<group>"; };
		B8BCF07C1D670FAD00BF46A4 /* MJRefreshNormalHeader.m */ = {isa = PBXFileReference; fileEncoding = 4; lastKnownFileType = sourcecode.c.objc; path = MJRefreshNormalHeader.m; sourceTree = "<group>"; };
		B8BCF07D1D670FAD00BF46A4 /* MJRefreshStateHeader.h */ = {isa = PBXFileReference; fileEncoding = 4; lastKnownFileType = sourcecode.c.h; path = MJRefreshStateHeader.h; sourceTree = "<group>"; };
		B8BCF07E1D670FAD00BF46A4 /* MJRefreshStateHeader.m */ = {isa = PBXFileReference; fileEncoding = 4; lastKnownFileType = sourcecode.c.objc; path = MJRefreshStateHeader.m; sourceTree = "<group>"; };
		B8BCF07F1D670FAD00BF46A4 /* MJRefresh.bundle */ = {isa = PBXFileReference; lastKnownFileType = "wrapper.plug-in"; path = MJRefresh.bundle; sourceTree = "<group>"; };
		B8BCF0801D670FAD00BF46A4 /* MJRefresh.h */ = {isa = PBXFileReference; fileEncoding = 4; lastKnownFileType = sourcecode.c.h; path = MJRefresh.h; sourceTree = "<group>"; };
		B8BCF0811D670FAD00BF46A4 /* MJRefreshConst.h */ = {isa = PBXFileReference; fileEncoding = 4; lastKnownFileType = sourcecode.c.h; path = MJRefreshConst.h; sourceTree = "<group>"; };
		B8BCF0821D670FAD00BF46A4 /* MJRefreshConst.m */ = {isa = PBXFileReference; fileEncoding = 4; lastKnownFileType = sourcecode.c.objc; path = MJRefreshConst.m; sourceTree = "<group>"; };
		B8BCF0831D670FAD00BF46A4 /* UIScrollView+MJExtension.h */ = {isa = PBXFileReference; fileEncoding = 4; lastKnownFileType = sourcecode.c.h; path = "UIScrollView+MJExtension.h"; sourceTree = "<group>"; };
		B8BCF0841D670FAD00BF46A4 /* UIScrollView+MJExtension.m */ = {isa = PBXFileReference; fileEncoding = 4; lastKnownFileType = sourcecode.c.objc; path = "UIScrollView+MJExtension.m"; sourceTree = "<group>"; };
		B8BCF0851D670FAD00BF46A4 /* UIScrollView+MJRefresh.h */ = {isa = PBXFileReference; fileEncoding = 4; lastKnownFileType = sourcecode.c.h; path = "UIScrollView+MJRefresh.h"; sourceTree = "<group>"; };
		B8BCF0861D670FAD00BF46A4 /* UIScrollView+MJRefresh.m */ = {isa = PBXFileReference; fileEncoding = 4; lastKnownFileType = sourcecode.c.objc; path = "UIScrollView+MJRefresh.m"; sourceTree = "<group>"; };
		B8BCF0871D670FAD00BF46A4 /* UIView+MJExtension.h */ = {isa = PBXFileReference; fileEncoding = 4; lastKnownFileType = sourcecode.c.h; path = "UIView+MJExtension.h"; sourceTree = "<group>"; };
		B8BCF0881D670FAD00BF46A4 /* UIView+MJExtension.m */ = {isa = PBXFileReference; fileEncoding = 4; lastKnownFileType = sourcecode.c.objc; path = "UIView+MJExtension.m"; sourceTree = "<group>"; };
		B8BCF09C1D67147A00BF46A4 /* JFWeather-Bridging-Header.h */ = {isa = PBXFileReference; lastKnownFileType = sourcecode.c.h; path = "JFWeather-Bridging-Header.h"; sourceTree = "<group>"; };
		B8DAB5BB1D660E1900235006 /* Tool.swift */ = {isa = PBXFileReference; fileEncoding = 4; lastKnownFileType = sourcecode.swift; path = Tool.swift; sourceTree = "<group>"; };
		B8F10D891D64599B003FA712 /* RightTableViewCell.swift */ = {isa = PBXFileReference; fileEncoding = 4; lastKnownFileType = sourcecode.swift; path = RightTableViewCell.swift; sourceTree = "<group>"; };
		B8F10D8A1D64599B003FA712 /* RightTableViewCell.xib */ = {isa = PBXFileReference; fileEncoding = 4; lastKnownFileType = file.xib; path = RightTableViewCell.xib; sourceTree = "<group>"; };
		B8F10D8D1D64655E003FA712 /* Helper.swift */ = {isa = PBXFileReference; fileEncoding = 4; lastKnownFileType = sourcecode.swift; path = Helper.swift; sourceTree = "<group>"; };
		BD0DB8FA84E90C162B13CDDD /* libPods.a */ = {isa = PBXFileReference; explicitFileType = archive.ar; includeInIndex = 0; path = libPods.a; sourceTree = BUILT_PRODUCTS_DIR; };
/* End PBXFileReference section */

/* Begin PBXFrameworksBuildPhase section */
		B84DC0CE1D5B5BED002BC517 /* Frameworks */ = {
			isa = PBXFrameworksBuildPhase;
			buildActionMask = 2147483647;
			files = (
				6DFF7A9F11A4106BC4DC806D /* libPods.a in Frameworks */,
			);
			runOnlyForDeploymentPostprocessing = 0;
		};
		B84DC0E51D5B5BED002BC517 /* Frameworks */ = {
			isa = PBXFrameworksBuildPhase;
			buildActionMask = 2147483647;
			files = (
			);
			runOnlyForDeploymentPostprocessing = 0;
		};
		B84DC0F01D5B5BED002BC517 /* Frameworks */ = {
			isa = PBXFrameworksBuildPhase;
			buildActionMask = 2147483647;
			files = (
			);
			runOnlyForDeploymentPostprocessing = 0;
		};
/* End PBXFrameworksBuildPhase section */

/* Begin PBXGroup section */
		1EA95691099725F42E7141A0 /* Frameworks */ = {
			isa = PBXGroup;
			children = (
				BD0DB8FA84E90C162B13CDDD /* libPods.a */,
			);
			name = Frameworks;
			sourceTree = "<group>";
		};
		ACF444C2B18A9ADBFB06F549 /* Pods */ = {
			isa = PBXGroup;
			children = (
				AF872D10D5771EE55D34D01A /* Pods.debug.xcconfig */,
				A0A535C53152D3CE6BAE049E /* Pods.release.xcconfig */,
			);
			name = Pods;
			sourceTree = "<group>";
		};
		B84DC0C81D5B5BED002BC517 = {
			isa = PBXGroup;
			children = (
				B84DC0D31D5B5BED002BC517 /* JFWeather */,
				B84DC0EB1D5B5BED002BC517 /* JFWeatherTests */,
				B84DC0F61D5B5BED002BC517 /* JFWeatherUITests */,
				B84DC0D21D5B5BED002BC517 /* Products */,
				ACF444C2B18A9ADBFB06F549 /* Pods */,
				1EA95691099725F42E7141A0 /* Frameworks */,
			);
			sourceTree = "<group>";
		};
		B84DC0D21D5B5BED002BC517 /* Products */ = {
			isa = PBXGroup;
			children = (
				B84DC0D11D5B5BED002BC517 /* JFWeather.app */,
				B84DC0E81D5B5BED002BC517 /* JFWeatherTests.xctest */,
				B84DC0F31D5B5BED002BC517 /* JFWeatherUITests.xctest */,
			);
			name = Products;
			sourceTree = "<group>";
		};
		B84DC0D31D5B5BED002BC517 /* JFWeather */ = {
			isa = PBXGroup;
			children = (
				B8BCF05B1D670FAD00BF46A4 /* SDK */,
				B8BCF0561D66E03000BF46A4 /* Model */,
				B8DAB5BA1D660DEF00235006 /* Tool */,
				B89F2AAE1D62EC1C00CD618D /* Cells */,
				B84DC1051D5B5F0A002BC517 /* Menu */,
				B84DC0D41D5B5BED002BC517 /* AppDelegate.swift */,
				B84DC0D61D5B5BED002BC517 /* ViewController.swift */,
				B84DC0D81D5B5BED002BC517 /* Main.storyboard */,
				B84DC0DE1D5B5BED002BC517 /* Assets.xcassets */,
				B84DC0E01D5B5BED002BC517 /* LaunchScreen.storyboard */,
				B84DC0E31D5B5BED002BC517 /* Info.plist */,
				B84DC0DB1D5B5BED002BC517 /* JFWeather.xcdatamodeld */,
				B8F10D8D1D64655E003FA712 /* Helper.swift */,
				B8BCF09C1D67147A00BF46A4 /* JFWeather-Bridging-Header.h */,
				B8337FD91D6AD93A00D3C427 /* default-city.plist */,
			);
			path = JFWeather;
			sourceTree = "<group>";
		};
		B84DC0EB1D5B5BED002BC517 /* JFWeatherTests */ = {
			isa = PBXGroup;
			children = (
				B84DC0EC1D5B5BED002BC517 /* JFWeatherTests.swift */,
				B84DC0EE1D5B5BED002BC517 /* Info.plist */,
			);
			path = JFWeatherTests;
			sourceTree = "<group>";
		};
		B84DC0F61D5B5BED002BC517 /* JFWeatherUITests */ = {
			isa = PBXGroup;
			children = (
				B84DC0F71D5B5BED002BC517 /* JFWeatherUITests.swift */,
				B84DC0F91D5B5BED002BC517 /* Info.plist */,
			);
			path = JFWeatherUITests;
			sourceTree = "<group>";
		};
		B84DC1051D5B5F0A002BC517 /* Menu */ = {
			isa = PBXGroup;
			children = (
				B84DC1061D5B5F40002BC517 /* MainViewController.swift */,
				B84DC1081D5B5F68002BC517 /* LeftTableViewController.swift */,
				B84DC10A1D5B5F95002BC517 /* RightTableViewController.swift */,
				B8337FD71D6AD4D400D3C427 /* AddNewCityTableViewController.swift */,
			);
			name = Menu;
			sourceTree = "<group>";
		};
		B89F2AAE1D62EC1C00CD618D /* Cells */ = {
			isa = PBXGroup;
			children = (
				B89F2AAF1D62EC6600CD618D /* LeftTableViewCell.swift */,
				B89F2AB01D62EC6600CD618D /* LeftTableViewCell.xib */,
				B8F10D891D64599B003FA712 /* RightTableViewCell.swift */,
				B8F10D8A1D64599B003FA712 /* RightTableViewCell.xib */,
				B8AAFDB81D6837FF009DA4FB /* MainTableViewCell.swift */,
				B8AAFDB91D6837FF009DA4FB /* MainTableViewCell.xib */,
			);
			name = Cells;
			sourceTree = "<group>";
		};
		B8BCF0561D66E03000BF46A4 /* Model */ = {
			isa = PBXGroup;
			children = (
				B8BCF0591D66E09E00BF46A4 /* WeatherInfo.swift */,
			);
			name = Model;
			sourceTree = "<group>";
		};
		B8BCF05B1D670FAD00BF46A4 /* SDK */ = {
			isa = PBXGroup;
			children = (
				B8BCF05C1D670FAD00BF46A4 /* MJRefresh */,
			);
			path = SDK;
			sourceTree = "<group>";
		};
		B8BCF05C1D670FAD00BF46A4 /* MJRefresh */ = {
			isa = PBXGroup;
			children = (
				B8BCF05D1D670FAD00BF46A4 /* Base */,
				B8BCF0681D670FAD00BF46A4 /* Custom */,
				B8BCF07F1D670FAD00BF46A4 /* MJRefresh.bundle */,
				B8BCF0801D670FAD00BF46A4 /* MJRefresh.h */,
				B8BCF0811D670FAD00BF46A4 /* MJRefreshConst.h */,
				B8BCF0821D670FAD00BF46A4 /* MJRefreshConst.m */,
				B8BCF0831D670FAD00BF46A4 /* UIScrollView+MJExtension.h */,
				B8BCF0841D670FAD00BF46A4 /* UIScrollView+MJExtension.m */,
				B8BCF0851D670FAD00BF46A4 /* UIScrollView+MJRefresh.h */,
				B8BCF0861D670FAD00BF46A4 /* UIScrollView+MJRefresh.m */,
				B8BCF0871D670FAD00BF46A4 /* UIView+MJExtension.h */,
				B8BCF0881D670FAD00BF46A4 /* UIView+MJExtension.m */,
			);
			path = MJRefresh;
			sourceTree = "<group>";
		};
		B8BCF05D1D670FAD00BF46A4 /* Base */ = {
			isa = PBXGroup;
			children = (
				B8BCF05E1D670FAD00BF46A4 /* MJRefreshAutoFooter.h */,
				B8BCF05F1D670FAD00BF46A4 /* MJRefreshAutoFooter.m */,
				B8BCF0601D670FAD00BF46A4 /* MJRefreshBackFooter.h */,
				B8BCF0611D670FAD00BF46A4 /* MJRefreshBackFooter.m */,
				B8BCF0621D670FAD00BF46A4 /* MJRefreshComponent.h */,
				B8BCF0631D670FAD00BF46A4 /* MJRefreshComponent.m */,
				B8BCF0641D670FAD00BF46A4 /* MJRefreshFooter.h */,
				B8BCF0651D670FAD00BF46A4 /* MJRefreshFooter.m */,
				B8BCF0661D670FAD00BF46A4 /* MJRefreshHeader.h */,
				B8BCF0671D670FAD00BF46A4 /* MJRefreshHeader.m */,
			);
			path = Base;
			sourceTree = "<group>";
		};
		B8BCF0681D670FAD00BF46A4 /* Custom */ = {
			isa = PBXGroup;
			children = (
				B8BCF0691D670FAD00BF46A4 /* Footer */,
				B8BCF0781D670FAD00BF46A4 /* Header */,
			);
			path = Custom;
			sourceTree = "<group>";
		};
		B8BCF0691D670FAD00BF46A4 /* Footer */ = {
			isa = PBXGroup;
			children = (
				B8BCF06A1D670FAD00BF46A4 /* Auto */,
				B8BCF0711D670FAD00BF46A4 /* Back */,
			);
			path = Footer;
			sourceTree = "<group>";
		};
		B8BCF06A1D670FAD00BF46A4 /* Auto */ = {
			isa = PBXGroup;
			children = (
				B8BCF06B1D670FAD00BF46A4 /* MJRefreshAutoGifFooter.h */,
				B8BCF06C1D670FAD00BF46A4 /* MJRefreshAutoGifFooter.m */,
				B8BCF06D1D670FAD00BF46A4 /* MJRefreshAutoNormalFooter.h */,
				B8BCF06E1D670FAD00BF46A4 /* MJRefreshAutoNormalFooter.m */,
				B8BCF06F1D670FAD00BF46A4 /* MJRefreshAutoStateFooter.h */,
				B8BCF0701D670FAD00BF46A4 /* MJRefreshAutoStateFooter.m */,
			);
			path = Auto;
			sourceTree = "<group>";
		};
		B8BCF0711D670FAD00BF46A4 /* Back */ = {
			isa = PBXGroup;
			children = (
				B8BCF0721D670FAD00BF46A4 /* MJRefreshBackGifFooter.h */,
				B8BCF0731D670FAD00BF46A4 /* MJRefreshBackGifFooter.m */,
				B8BCF0741D670FAD00BF46A4 /* MJRefreshBackNormalFooter.h */,
				B8BCF0751D670FAD00BF46A4 /* MJRefreshBackNormalFooter.m */,
				B8BCF0761D670FAD00BF46A4 /* MJRefreshBackStateFooter.h */,
				B8BCF0771D670FAD00BF46A4 /* MJRefreshBackStateFooter.m */,
			);
			path = Back;
			sourceTree = "<group>";
		};
		B8BCF0781D670FAD00BF46A4 /* Header */ = {
			isa = PBXGroup;
			children = (
				B8BCF0791D670FAD00BF46A4 /* MJRefreshGifHeader.h */,
				B8BCF07A1D670FAD00BF46A4 /* MJRefreshGifHeader.m */,
				B8BCF07B1D670FAD00BF46A4 /* MJRefreshNormalHeader.h */,
				B8BCF07C1D670FAD00BF46A4 /* MJRefreshNormalHeader.m */,
				B8BCF07D1D670FAD00BF46A4 /* MJRefreshStateHeader.h */,
				B8BCF07E1D670FAD00BF46A4 /* MJRefreshStateHeader.m */,
			);
			path = Header;
			sourceTree = "<group>";
		};
		B8DAB5BA1D660DEF00235006 /* Tool */ = {
			isa = PBXGroup;
			children = (
				B89B14E71D699AE90021C973 /* weatherMessage.plist */,
				B8BCF0541D66D2BD00BF46A4 /* weatherBG.plist */,
				B8DAB5BB1D660E1900235006 /* Tool.swift */,
				B8AAFDBC1D688A79009DA4FB /* weatherImage.plist */,
			);
			name = Tool;
			sourceTree = "<group>";
		};
/* End PBXGroup section */

/* Begin PBXNativeTarget section */
		B84DC0D01D5B5BED002BC517 /* JFWeather */ = {
			isa = PBXNativeTarget;
			buildConfigurationList = B84DC0FC1D5B5BED002BC517 /* Build configuration list for PBXNativeTarget "JFWeather" */;
			buildPhases = (
				4C9926EB7C7E8C24E938E87F /* Check Pods Manifest.lock */,
				B84DC0CD1D5B5BED002BC517 /* Sources */,
				B84DC0CE1D5B5BED002BC517 /* Frameworks */,
				B84DC0CF1D5B5BED002BC517 /* Resources */,
				70E9AA9E35C465F25AEF7E5E /* Embed Pods Frameworks */,
				31B0570C7DAB665AF4E75F67 /* Copy Pods Resources */,
			);
			buildRules = (
			);
			dependencies = (
			);
			name = JFWeather;
			productName = JFWeather;
			productReference = B84DC0D11D5B5BED002BC517 /* JFWeather.app */;
			productType = "com.apple.product-type.application";
		};
		B84DC0E71D5B5BED002BC517 /* JFWeatherTests */ = {
			isa = PBXNativeTarget;
			buildConfigurationList = B84DC0FF1D5B5BED002BC517 /* Build configuration list for PBXNativeTarget "JFWeatherTests" */;
			buildPhases = (
				B84DC0E41D5B5BED002BC517 /* Sources */,
				B84DC0E51D5B5BED002BC517 /* Frameworks */,
				B84DC0E61D5B5BED002BC517 /* Resources */,
			);
			buildRules = (
			);
			dependencies = (
				B84DC0EA1D5B5BED002BC517 /* PBXTargetDependency */,
			);
			name = JFWeatherTests;
			productName = JFWeatherTests;
			productReference = B84DC0E81D5B5BED002BC517 /* JFWeatherTests.xctest */;
			productType = "com.apple.product-type.bundle.unit-test";
		};
		B84DC0F21D5B5BED002BC517 /* JFWeatherUITests */ = {
			isa = PBXNativeTarget;
			buildConfigurationList = B84DC1021D5B5BED002BC517 /* Build configuration list for PBXNativeTarget "JFWeatherUITests" */;
			buildPhases = (
				B84DC0EF1D5B5BED002BC517 /* Sources */,
				B84DC0F01D5B5BED002BC517 /* Frameworks */,
				B84DC0F11D5B5BED002BC517 /* Resources */,
			);
			buildRules = (
			);
			dependencies = (
				B84DC0F51D5B5BED002BC517 /* PBXTargetDependency */,
			);
			name = JFWeatherUITests;
			productName = JFWeatherUITests;
			productReference = B84DC0F31D5B5BED002BC517 /* JFWeatherUITests.xctest */;
			productType = "com.apple.product-type.bundle.ui-testing";
		};
/* End PBXNativeTarget section */

/* Begin PBXProject section */
		B84DC0C91D5B5BED002BC517 /* Project object */ = {
			isa = PBXProject;
			attributes = {
				LastSwiftUpdateCheck = 0730;
				LastUpgradeCheck = 0730;
				ORGANIZATIONNAME = yf;
				TargetAttributes = {
					B84DC0D01D5B5BED002BC517 = {
						CreatedOnToolsVersion = 7.3;
					};
					B84DC0E71D5B5BED002BC517 = {
						CreatedOnToolsVersion = 7.3;
						TestTargetID = B84DC0D01D5B5BED002BC517;
					};
					B84DC0F21D5B5BED002BC517 = {
						CreatedOnToolsVersion = 7.3;
						TestTargetID = B84DC0D01D5B5BED002BC517;
					};
				};
			};
			buildConfigurationList = B84DC0CC1D5B5BED002BC517 /* Build configuration list for PBXProject "JFWeather" */;
			compatibilityVersion = "Xcode 3.2";
			developmentRegion = English;
			hasScannedForEncodings = 0;
			knownRegions = (
				en,
				Base,
			);
			mainGroup = B84DC0C81D5B5BED002BC517;
			productRefGroup = B84DC0D21D5B5BED002BC517 /* Products */;
			projectDirPath = "";
			projectRoot = "";
			targets = (
				B84DC0D01D5B5BED002BC517 /* JFWeather */,
				B84DC0E71D5B5BED002BC517 /* JFWeatherTests */,
				B84DC0F21D5B5BED002BC517 /* JFWeatherUITests */,
			);
		};
/* End PBXProject section */

/* Begin PBXResourcesBuildPhase section */
		B84DC0CF1D5B5BED002BC517 /* Resources */ = {
			isa = PBXResourcesBuildPhase;
			buildActionMask = 2147483647;
			files = (
				B8F10D8C1D64599B003FA712 /* RightTableViewCell.xib in Resources */,
				B89F2AB21D62EC6600CD618D /* LeftTableViewCell.xib in Resources */,
				B8BCF0971D670FAD00BF46A4 /* MJRefresh.bundle in Resources */,
				B89B14E81D699AE90021C973 /* weatherMessage.plist in Resources */,
				B8BCF0551D66D2BD00BF46A4 /* weatherBG.plist in Resources */,
				B84DC0E21D5B5BED002BC517 /* LaunchScreen.storyboard in Resources */,
				B84DC0DF1D5B5BED002BC517 /* Assets.xcassets in Resources */,
				B8AAFDBB1D6837FF009DA4FB /* MainTableViewCell.xib in Resources */,
				B8337FDA1D6AD93A00D3C427 /* default-city.plist in Resources */,
				B8AAFDBD1D688A79009DA4FB /* weatherImage.plist in Resources */,
				B84DC0DA1D5B5BED002BC517 /* Main.storyboard in Resources */,
			);
			runOnlyForDeploymentPostprocessing = 0;
		};
		B84DC0E61D5B5BED002BC517 /* Resources */ = {
			isa = PBXResourcesBuildPhase;
			buildActionMask = 2147483647;
			files = (
			);
			runOnlyForDeploymentPostprocessing = 0;
		};
		B84DC0F11D5B5BED002BC517 /* Resources */ = {
			isa = PBXResourcesBuildPhase;
			buildActionMask = 2147483647;
			files = (
			);
			runOnlyForDeploymentPostprocessing = 0;
		};
/* End PBXResourcesBuildPhase section */

/* Begin PBXShellScriptBuildPhase section */
		31B0570C7DAB665AF4E75F67 /* Copy Pods Resources */ = {
			isa = PBXShellScriptBuildPhase;
			buildActionMask = 2147483647;
			files = (
			);
			inputPaths = (
			);
			name = "Copy Pods Resources";
			outputPaths = (
			);
			runOnlyForDeploymentPostprocessing = 0;
			shellPath = /bin/sh;
			shellScript = "\"${SRCROOT}/Pods/Target Support Files/Pods/Pods-resources.sh\"\n";
			showEnvVarsInLog = 0;
		};
		4C9926EB7C7E8C24E938E87F /* Check Pods Manifest.lock */ = {
			isa = PBXShellScriptBuildPhase;
			buildActionMask = 2147483647;
			files = (
			);
			inputPaths = (
			);
			name = "Check Pods Manifest.lock";
			outputPaths = (
			);
			runOnlyForDeploymentPostprocessing = 0;
			shellPath = /bin/sh;
			shellScript = "diff \"${PODS_ROOT}/../Podfile.lock\" \"${PODS_ROOT}/Manifest.lock\" > /dev/null\nif [[ $? != 0 ]] ; then\n    cat << EOM\nerror: The sandbox is not in sync with the Podfile.lock. Run 'pod install' or update your CocoaPods installation.\nEOM\n    exit 1\nfi\n";
			showEnvVarsInLog = 0;
		};
		70E9AA9E35C465F25AEF7E5E /* Embed Pods Frameworks */ = {
			isa = PBXShellScriptBuildPhase;
			buildActionMask = 2147483647;
			files = (
			);
			inputPaths = (
			);
			name = "Embed Pods Frameworks";
			outputPaths = (
			);
			runOnlyForDeploymentPostprocessing = 0;
			shellPath = /bin/sh;
			shellScript = "\"${SRCROOT}/Pods/Target Support Files/Pods/Pods-frameworks.sh\"\n";
			showEnvVarsInLog = 0;
		};
/* End PBXShellScriptBuildPhase section */

/* Begin PBXSourcesBuildPhase section */
		B84DC0CD1D5B5BED002BC517 /* Sources */ = {
			isa = PBXSourcesBuildPhase;
			buildActionMask = 2147483647;
			files = (
				B8BCF0991D670FAD00BF46A4 /* UIScrollView+MJExtension.m in Sources */,
				B8BCF0981D670FAD00BF46A4 /* MJRefreshConst.m in Sources */,
				B84DC10B1D5B5F95002BC517 /* RightTableViewController.swift in Sources */,
				B8BCF08E1D670FAD00BF46A4 /* MJRefreshAutoGifFooter.m in Sources */,
				B8AAFDBA1D6837FF009DA4FB /* MainTableViewCell.swift in Sources */,
				B8BCF09A1D670FAD00BF46A4 /* UIScrollView+MJRefresh.m in Sources */,
				B8BCF08A1D670FAD00BF46A4 /* MJRefreshBackFooter.m in Sources */,
				B8BCF0941D670FAD00BF46A4 /* MJRefreshGifHeader.m in Sources */,
				B8BCF0911D670FAD00BF46A4 /* MJRefreshBackGifFooter.m in Sources */,
				B8BCF0961D670FAD00BF46A4 /* MJRefreshStateHeader.m in Sources */,
				B84DC1091D5B5F68002BC517 /* LeftTableViewController.swift in Sources */,
				B84DC0D71D5B5BED002BC517 /* ViewController.swift in Sources */,
				B8BCF08F1D670FAD00BF46A4 /* MJRefreshAutoNormalFooter.m in Sources */,
				B8BCF08B1D670FAD00BF46A4 /* MJRefreshComponent.m in Sources */,
				B8BCF05A1D66E09E00BF46A4 /* WeatherInfo.swift in Sources */,
				B8DAB5BC1D660E1900235006 /* Tool.swift in Sources */,
				B8BCF09B1D670FAD00BF46A4 /* UIView+MJExtension.m in Sources */,
				B84DC0DD1D5B5BED002BC517 /* JFWeather.xcdatamodeld in Sources */,
				B8F10D8B1D64599B003FA712 /* RightTableViewCell.swift in Sources */,
				B8BCF0931D670FAD00BF46A4 /* MJRefreshBackStateFooter.m in Sources */,
				B8F10D8E1D64655E003FA712 /* Helper.swift in Sources */,
				B84DC0D51D5B5BED002BC517 /* AppDelegate.swift in Sources */,
				B8BCF08D1D670FAD00BF46A4 /* MJRefreshHeader.m in Sources */,
				B8BCF0921D670FAD00BF46A4 /* MJRefreshBackNormalFooter.m in Sources */,
				B8BCF0951D670FAD00BF46A4 /* MJRefreshNormalHeader.m in Sources */,
				B89F2AB11D62EC6600CD618D /* LeftTableViewCell.swift in Sources */,
				B8337FD81D6AD4D400D3C427 /* AddNewCityTableViewController.swift in Sources */,
				B8BCF0901D670FAD00BF46A4 /* MJRefreshAutoStateFooter.m in Sources */,
				B8BCF0891D670FAD00BF46A4 /* MJRefreshAutoFooter.m in Sources */,
				B84DC1071D5B5F40002BC517 /* MainViewController.swift in Sources */,
				B8BCF08C1D670FAD00BF46A4 /* MJRefreshFooter.m in Sources */,
			);
			runOnlyForDeploymentPostprocessing = 0;
		};
		B84DC0E41D5B5BED002BC517 /* Sources */ = {
			isa = PBXSourcesBuildPhase;
			buildActionMask = 2147483647;
			files = (
				B84DC0ED1D5B5BED002BC517 /* JFWeatherTests.swift in Sources */,
			);
			runOnlyForDeploymentPostprocessing = 0;
		};
		B84DC0EF1D5B5BED002BC517 /* Sources */ = {
			isa = PBXSourcesBuildPhase;
			buildActionMask = 2147483647;
			files = (
				B84DC0F81D5B5BED002BC517 /* JFWeatherUITests.swift in Sources */,
			);
			runOnlyForDeploymentPostprocessing = 0;
		};
/* End PBXSourcesBuildPhase section */

/* Begin PBXTargetDependency section */
		B84DC0EA1D5B5BED002BC517 /* PBXTargetDependency */ = {
			isa = PBXTargetDependency;
			target = B84DC0D01D5B5BED002BC517 /* JFWeather */;
			targetProxy = B84DC0E91D5B5BED002BC517 /* PBXContainerItemProxy */;
		};
		B84DC0F51D5B5BED002BC517 /* PBXTargetDependency */ = {
			isa = PBXTargetDependency;
			target = B84DC0D01D5B5BED002BC517 /* JFWeather */;
			targetProxy = B84DC0F41D5B5BED002BC517 /* PBXContainerItemProxy */;
		};
/* End PBXTargetDependency section */

/* Begin PBXVariantGroup section */
		B84DC0D81D5B5BED002BC517 /* Main.storyboard */ = {
			isa = PBXVariantGroup;
			children = (
				B84DC0D91D5B5BED002BC517 /* Base */,
			);
			name = Main.storyboard;
			sourceTree = "<group>";
		};
		B84DC0E01D5B5BED002BC517 /* LaunchScreen.storyboard */ = {
			isa = PBXVariantGroup;
			children = (
				B84DC0E11D5B5BED002BC517 /* Base */,
			);
			name = LaunchScreen.storyboard;
			sourceTree = "<group>";
		};
/* End PBXVariantGroup section */

/* Begin XCBuildConfiguration section */
		B84DC0FA1D5B5BED002BC517 /* Debug */ = {
			isa = XCBuildConfiguration;
			buildSettings = {
				ALWAYS_SEARCH_USER_PATHS = NO;
				CLANG_ANALYZER_NONNULL = YES;
				CLANG_CXX_LANGUAGE_STANDARD = "gnu++0x";
				CLANG_CXX_LIBRARY = "libc++";
				CLANG_ENABLE_MODULES = YES;
				CLANG_ENABLE_OBJC_ARC = YES;
				CLANG_WARN_BOOL_CONVERSION = YES;
				CLANG_WARN_CONSTANT_CONVERSION = YES;
				CLANG_WARN_DIRECT_OBJC_ISA_USAGE = YES_ERROR;
				CLANG_WARN_EMPTY_BODY = YES;
				CLANG_WARN_ENUM_CONVERSION = YES;
				CLANG_WARN_INT_CONVERSION = YES;
				CLANG_WARN_OBJC_ROOT_CLASS = YES_ERROR;
				CLANG_WARN_UNREACHABLE_CODE = YES;
				CLANG_WARN__DUPLICATE_METHOD_MATCH = YES;
				"CODE_SIGN_IDENTITY[sdk=iphoneos*]" = "iPhone Developer";
				COPY_PHASE_STRIP = NO;
				DEBUG_INFORMATION_FORMAT = dwarf;
				ENABLE_STRICT_OBJC_MSGSEND = YES;
				ENABLE_TESTABILITY = YES;
				GCC_C_LANGUAGE_STANDARD = gnu99;
				GCC_DYNAMIC_NO_PIC = NO;
				GCC_NO_COMMON_BLOCKS = YES;
				GCC_OPTIMIZATION_LEVEL = 0;
				GCC_PREPROCESSOR_DEFINITIONS = (
					"DEBUG=1",
					"$(inherited)",
				);
				GCC_WARN_64_TO_32_BIT_CONVERSION = YES;
				GCC_WARN_ABOUT_RETURN_TYPE = YES_ERROR;
				GCC_WARN_UNDECLARED_SELECTOR = YES;
				GCC_WARN_UNINITIALIZED_AUTOS = YES_AGGRESSIVE;
				GCC_WARN_UNUSED_FUNCTION = YES;
				GCC_WARN_UNUSED_VARIABLE = YES;
				IPHONEOS_DEPLOYMENT_TARGET = 9.3;
				MTL_ENABLE_DEBUG_INFO = YES;
				ONLY_ACTIVE_ARCH = YES;
				SDKROOT = iphoneos;
				SWIFT_OPTIMIZATION_LEVEL = "-Onone";
			};
			name = Debug;
		};
		B84DC0FB1D5B5BED002BC517 /* Release */ = {
			isa = XCBuildConfiguration;
			buildSettings = {
				ALWAYS_SEARCH_USER_PATHS = NO;
				CLANG_ANALYZER_NONNULL = YES;
				CLANG_CXX_LANGUAGE_STANDARD = "gnu++0x";
				CLANG_CXX_LIBRARY = "libc++";
				CLANG_ENABLE_MODULES = YES;
				CLANG_ENABLE_OBJC_ARC = YES;
				CLANG_WARN_BOOL_CONVERSION = YES;
				CLANG_WARN_CONSTANT_CONVERSION = YES;
				CLANG_WARN_DIRECT_OBJC_ISA_USAGE = YES_ERROR;
				CLANG_WARN_EMPTY_BODY = YES;
				CLANG_WARN_ENUM_CONVERSION = YES;
				CLANG_WARN_INT_CONVERSION = YES;
				CLANG_WARN_OBJC_ROOT_CLASS = YES_ERROR;
				CLANG_WARN_UNREACHABLE_CODE = YES;
				CLANG_WARN__DUPLICATE_METHOD_MATCH = YES;
				"CODE_SIGN_IDENTITY[sdk=iphoneos*]" = "iPhone Developer";
				COPY_PHASE_STRIP = NO;
				DEBUG_INFORMATION_FORMAT = "dwarf-with-dsym";
				ENABLE_NS_ASSERTIONS = NO;
				ENABLE_STRICT_OBJC_MSGSEND = YES;
				GCC_C_LANGUAGE_STANDARD = gnu99;
				GCC_NO_COMMON_BLOCKS = YES;
				GCC_WARN_64_TO_32_BIT_CONVERSION = YES;
				GCC_WARN_ABOUT_RETURN_TYPE = YES_ERROR;
				GCC_WARN_UNDECLARED_SELECTOR = YES;
				GCC_WARN_UNINITIALIZED_AUTOS = YES_AGGRESSIVE;
				GCC_WARN_UNUSED_FUNCTION = YES;
				GCC_WARN_UNUSED_VARIABLE = YES;
				IPHONEOS_DEPLOYMENT_TARGET = 9.3;
				MTL_ENABLE_DEBUG_INFO = NO;
				SDKROOT = iphoneos;
				VALIDATE_PRODUCT = YES;
			};
			name = Release;
		};
		B84DC0FD1D5B5BED002BC517 /* Debug */ = {
			isa = XCBuildConfiguration;
			baseConfigurationReference = AF872D10D5771EE55D34D01A /* Pods.debug.xcconfig */;
			buildSettings = {
				ASSETCATALOG_COMPILER_APPICON_NAME = AppIcon;
				INFOPLIST_FILE = JFWeather/Info.plist;
				LD_RUNPATH_SEARCH_PATHS = "$(inherited) @executable_path/Frameworks";
				PRODUCT_BUNDLE_IDENTIFIER = yf.JFWeather;
				PRODUCT_NAME = "$(TARGET_NAME)";
				SWIFT_OBJC_BRIDGING_HEADER = "$(PROJECT_DIR)/JFWeather/JFWeather-Bridging-Header.h";
			};
			name = Debug;
		};
		B84DC0FE1D5B5BED002BC517 /* Release */ = {
			isa = XCBuildConfiguration;
			baseConfigurationReference = A0A535C53152D3CE6BAE049E /* Pods.release.xcconfig */;
			buildSettings = {
				ASSETCATALOG_COMPILER_APPICON_NAME = AppIcon;
				INFOPLIST_FILE = JFWeather/Info.plist;
				LD_RUNPATH_SEARCH_PATHS = "$(inherited) @executable_path/Frameworks";
				PRODUCT_BUNDLE_IDENTIFIER = yf.JFWeather;
				PRODUCT_NAME = "$(TARGET_NAME)";
				SWIFT_OBJC_BRIDGING_HEADER = "$(PROJECT_DIR)/JFWeather/JFWeather-Bridging-Header.h";
			};
			name = Release;
		};
		B84DC1001D5B5BED002BC517 /* Debug */ = {
			isa = XCBuildConfiguration;
			buildSettings = {
				BUNDLE_LOADER = "$(TEST_HOST)";
				INFOPLIST_FILE = JFWeatherTests/Info.plist;
				LD_RUNPATH_SEARCH_PATHS = "$(inherited) @executable_path/Frameworks @loader_path/Frameworks";
				PRODUCT_BUNDLE_IDENTIFIER = yf.JFWeatherTests;
				PRODUCT_NAME = "$(TARGET_NAME)";
				TEST_HOST = "$(BUILT_PRODUCTS_DIR)/JFWeather.app/JFWeather";
			};
			name = Debug;
		};
		B84DC1011D5B5BED002BC517 /* Release */ = {
			isa = XCBuildConfiguration;
			buildSettings = {
				BUNDLE_LOADER = "$(TEST_HOST)";
				INFOPLIST_FILE = JFWeatherTests/Info.plist;
				LD_RUNPATH_SEARCH_PATHS = "$(inherited) @executable_path/Frameworks @loader_path/Frameworks";
				PRODUCT_BUNDLE_IDENTIFIER = yf.JFWeatherTests;
				PRODUCT_NAME = "$(TARGET_NAME)";
				TEST_HOST = "$(BUILT_PRODUCTS_DIR)/JFWeather.app/JFWeather";
			};
			name = Release;
		};
		B84DC1031D5B5BED002BC517 /* Debug */ = {
			isa = XCBuildConfiguration;
			buildSettings = {
				INFOPLIST_FILE = JFWeatherUITests/Info.plist;
				LD_RUNPATH_SEARCH_PATHS = "$(inherited) @executable_path/Frameworks @loader_path/Frameworks";
				PRODUCT_BUNDLE_IDENTIFIER = yf.JFWeatherUITests;
				PRODUCT_NAME = "$(TARGET_NAME)";
				TEST_TARGET_NAME = JFWeather;
			};
			name = Debug;
		};
		B84DC1041D5B5BED002BC517 /* Release */ = {
			isa = XCBuildConfiguration;
			buildSettings = {
				INFOPLIST_FILE = JFWeatherUITests/Info.plist;
				LD_RUNPATH_SEARCH_PATHS = "$(inherited) @executable_path/Frameworks @loader_path/Frameworks";
				PRODUCT_BUNDLE_IDENTIFIER = yf.JFWeatherUITests;
				PRODUCT_NAME = "$(TARGET_NAME)";
				TEST_TARGET_NAME = JFWeather;
			};
			name = Release;
		};
/* End XCBuildConfiguration section */

/* Begin XCConfigurationList section */
		B84DC0CC1D5B5BED002BC517 /* Build configuration list for PBXProject "JFWeather" */ = {
			isa = XCConfigurationList;
			buildConfigurations = (
				B84DC0FA1D5B5BED002BC517 /* Debug */,
				B84DC0FB1D5B5BED002BC517 /* Release */,
			);
			defaultConfigurationIsVisible = 0;
			defaultConfigurationName = Release;
		};
		B84DC0FC1D5B5BED002BC517 /* Build configuration list for PBXNativeTarget "JFWeather" */ = {
			isa = XCConfigurationList;
			buildConfigurations = (
				B84DC0FD1D5B5BED002BC517 /* Debug */,
				B84DC0FE1D5B5BED002BC517 /* Release */,
			);
			defaultConfigurationIsVisible = 0;
			defaultConfigurationName = Release;
		};
		B84DC0FF1D5B5BED002BC517 /* Build configuration list for PBXNativeTarget "JFWeatherTests" */ = {
			isa = XCConfigurationList;
			buildConfigurations = (
				B84DC1001D5B5BED002BC517 /* Debug */,
				B84DC1011D5B5BED002BC517 /* Release */,
			);
			defaultConfigurationIsVisible = 0;
			defaultConfigurationName = Release;
		};
		B84DC1021D5B5BED002BC517 /* Build configuration list for PBXNativeTarget "JFWeatherUITests" */ = {
			isa = XCConfigurationList;
			buildConfigurations = (
				B84DC1031D5B5BED002BC517 /* Debug */,
				B84DC1041D5B5BED002BC517 /* Release */,
			);
			defaultConfigurationIsVisible = 0;
			defaultConfigurationName = Release;
		};
/* End XCConfigurationList section */

/* Begin XCVersionGroup section */
		B84DC0DB1D5B5BED002BC517 /* JFWeather.xcdatamodeld */ = {
			isa = XCVersionGroup;
			children = (
				B84DC0DC1D5B5BED002BC517 /* JFWeather.xcdatamodel */,
			);
			currentVersion = B84DC0DC1D5B5BED002BC517 /* JFWeather.xcdatamodel */;
			path = JFWeather.xcdatamodeld;
			sourceTree = "<group>";
			versionGroupType = wrapper.xcdatamodel;
		};
/* End XCVersionGroup section */
	};
	rootObject = B84DC0C91D5B5BED002BC517 /* Project object */;
}
